{
  "version": 4,
  "terraform_version": "1.12.2",
  "serial": 42,
  "lineage": "e3b94322-ae10-f52a-05b8-b32c91de34db",
  "outputs": {
    "bastion_public_ip": {
      "value": "54.80.250.26",
      "type": "string"
    },
    "rds_endpoint": {
      "value": "terraform-20250706124141312800000003.cgvoq8uyiakt.us-east-1.rds.amazonaws.com:3306",
      "type": "string"
    }
  },
  "resources": [
    {
      "mode": "managed",
      "type": "aws_key_pair",
      "name": "tf-key-pair",
      "provider": "provider[\"registry.terraform.io/hashicorp/aws\"]",
      "instances": [
        {
          "schema_version": 1,
          "attributes": {
            "arn": "arn:aws:ec2:us-east-1:415851144899:key-pair/NayaWala",
            "fingerprint": "0f:b1:ef:85:6e:30:27:8c:e6:7f:d8:ec:b3:27:4d:3e",
            "id": "NayaWala",
            "key_name": "NayaWala",
            "key_name_prefix": "",
            "key_pair_id": "key-069cce3eaca07d8a5",
            "key_type": "rsa",
            "public_key": "ssh-rsa AAAAB3NzaC1yc2EAAAADAQABAAACAQC6Wm69ySrFRC97PXzRX1gL3SGN7FkmBrI5pV/zjex635VQDshs6UYHrQfqPmJk35Nnnh5xVFmFrYTiT/gl1GBtPncPAMD7gW6N9QHD8db04OoUd8edqPlP1rs4sX4dNvk3XN8yNepOthxe1fzyaOuhwqoKm2gcOB+Rbszf5zr868fszbOCMhHpqPgLc3xC2YHOO7914bcQV7deDvD7RURbnz4aYW5c0CpCfDNsjHxc0gJ7AGQwRbXmp1F6yxV1TnTRAI9Az+fQOQMiV3ANDnX+DpsZsuDizuCECuNR0Wec/NWrjYx933xI/YZLjbIMd2GZGzcJFbnqpLTC7nKcu8zGY765sRRq9lAACpy+BLnfPjqQBtFzbeoGmh+h38u3i7BRoGT8kxdSQ8ZRD9X0/T76AIOh8iM1PtCX3ZJn4u4geKNigGbk70y9IOzC64iUpxTYVIx/Iga+WX+OISVORADerT7XVGgA+pjNyZijNJAd7eF8SzQ7bESXAszrYWzwU+RmTFilH5LyiL0yktZdiLd6VxZX50EvEEyUD+RbzZcvuf8LQJQ8pqFpnp/Xed3z8ls9sIhRIn3XevIdnGgQt6pfE5v2kpvlDej029UVWdBtg38qIu8rqYPnETm3D6dh9YfxJFQypU+B3nnxtnQIDxCGjIRzk4fI+Qg+cNx5b9xWvw==",
            "tags": {},
            "tags_all": {}
          },
          "sensitive_attributes": [],
          "identity_schema_version": 0,
          "private": "eyJzY2hlbWFfdmVyc2lvbiI6IjEifQ==",
          "dependencies": [
            "tls_private_key.rsa"
          ]
        }
      ]
    },
    {
      "mode": "managed",
      "type": "aws_lb_target_group_attachment",
      "name": "internet_TG_EC2",
      "provider": "provider[\"registry.terraform.io/hashicorp/aws\"]",
      "instances": [
        {
          "schema_version": 0,
          "attributes": {
            "availability_zone": null,
            "id": "arn:aws:elasticloadbalancing:us-east-1:415851144899:targetgroup/internet-lb-tg/87bb3f188f0ff67f-20250706124203048300000007",
            "port": 80,
            "target_group_arn": "arn:aws:elasticloadbalancing:us-east-1:415851144899:targetgroup/internet-lb-tg/87bb3f188f0ff67f",
            "target_id": "i-0e866c2ce6ff8f742"
          },
          "sensitive_attributes": [],
          "identity_schema_version": 0,
          "private": "bnVsbA==",
          "dependencies": [
            "module.security.aws_security_group.C-VPC-Web-sg",
            "module.vpc.aws_lb_target_group.Internet_TarGrp",
            "module.vpc.aws_subnet.websubnet",
            "module.vpc.aws_vpc.custom_vpc",
            "module.web.aws_instance.web_server"
          ]
        }
      ]
    },
    {
      "mode": "managed",
      "type": "local_file",
      "name": "db_env_file",
      "provider": "provider[\"registry.terraform.io/hashicorp/local\"]",
      "instances": [
        {
          "schema_version": 0,
          "attributes": {
            "content": "DB_HOST=terraform-20250706124141312800000003.cgvoq8uyiakt.us-east-1.rds.amazonaws.com\nDB_PORT=3306\nDB_USER=root\nDB_PASS=pass1234\nDB_NAME=facebook\n",
            "content_base64": null,
            "content_base64sha256": "rL9BpRQETcamzVW5FON//b4sqKXl+dZzNoTsXWjyuuw=",
            "content_base64sha512": "Q0IAeqNQSXb+pNGHExwxxBc7/5//yU4bxdSIIM5AxufEfiRdQxcLBQey7bbKPWUpNW8D7ODj2dZuGmhQqQJecA==",
            "content_md5": "893ce4ddeb8a5a5072dffdaa37298b2c",
            "content_sha1": "1418b21681a5d3f7cdf72eac06efca77a4d37793",
            "content_sha256": "acbf41a514044dc6a6cd55b914e37ffdbe2ca8a5e5f9d6733684ec5d68f2baec",
            "content_sha512": "4342007aa3504976fea4d187131c31c4173bff9fffc94e1bc5d48820ce40c6e7c47e245d43170b0507b2edb6ca3d6529356f03ece0e3d9d66e1a6850a9025e70",
            "directory_permission": "0777",
            "file_permission": "0777",
            "filename": "./ansible/db_env.sh",
            "id": "1418b21681a5d3f7cdf72eac06efca77a4d37793",
            "sensitive_content": null,
            "source": null
          },
          "sensitive_attributes": [
            [
              {
                "type": "get_attr",
                "value": "sensitive_content"
              }
            ]
          ],
          "identity_schema_version": 0,
          "dependencies": [
            "module.db.aws_db_instance.rds",
            "module.security.aws_security_group.C-VPC-db-sg",
            "module.vpc.aws_db_subnet_group.default",
            "module.vpc.aws_subnet.appsubnet",
            "module.vpc.aws_subnet.dbsubnet",
            "module.vpc.aws_vpc.custom_vpc"
          ]
        }
      ]
    },
    {
      "mode": "managed",
      "type": "local_file",
      "name": "tf-key",
      "provider": "provider[\"registry.terraform.io/hashicorp/local\"]",
      "instances": [
        {
          "schema_version": 0,
          "attributes": {
            "content": "-----BEGIN RSA PRIVATE KEY-----\nMIIJKQIBAAKCAgEAulpuvckqxUQvez180V9YC90hjexZJgayOaVf843set+VUA7I\nbOlGB60H6j5iZN+TZ54ecVRZha2E4k/4JdRgbT53DwDA+4FujfUBw/HW9ODqFHfH\nnaj5T9a7OLF+HTb5N1zfMjXqTrYcXtX88mjrocKqCptoHDgfkW7M3+c6/OvH7M2z\ngjIR6aj4C3N8QtmBzju/deG3EFe3Xg7w+0VEW58+GmFuXNAqQnwzbIx8XNICewBk\nMEW15qdRessVdU500QCPQM/n0DkDIldwDQ51/g6bGbLg4s7ghArjUdFnnPzVq42M\nfd98SP2GS42yDHdhmRs3CRW56qS0wu5ynLvMxmO+ubEUavZQAAqcvgS53z46kAbR\nc23qBpofod/Lt4uwUaBk/JMXUkPGUQ/V9P0++gCDofIjNT7Ql92SZ+LuIHijYoBm\n5O9MvSDswuuIlKcU2FSMfyIGvll/jiElTkQA3q0+11RoAPqYzcmYozSQHe3hfEs0\nO2xElwLM62Fs8FPkZkxYpR+S8oi9MpLWXYi3elcWV+dBLxBMlA/kW82XL7n/C0CU\nPKahaZ6f13nd8/JbPbCIUSJ913ryHZxoELeqXxOb9pKb5Q3o9NvVFVnQbYN/KiLv\nK6mD5xE5tw+nYfWH8SRUMqVPgd558bZ0CA8QhoyEc5OHyPkIPnDceW/cVr8CAwEA\nAQKCAgA3oT9l0GPAN7ak55oXNosmH4EgyOlj/KO/qaqXHkr180CzgXY7bPfG2tR+\nDNl6m3N5fy4/Tpra2Q3OMWk2gcu3UOphxCvX6K+EGRvJzqwItguqyIcCfarPNp71\nMacgOYT0DfljF802ag7WELNN+hw9UctJF1Ng+TATTixCuthVIF2yR0XLG/9U7Wf+\nox75Jc0mL5fcLOFlM4o9veAaYnchkswLPAKiGlJDPqhrQxTs8JRk+5zs/CJtFI2y\nRmXFewJMUgpxop7k/d/9pHSCsUpv6RRL+6Y+jttfD5EEn6p6ps9yQvMpsEl90JEC\nhO4d4pV0CzfGsoGpljmP53a3ayiZnkxDd/kWts2UWtNShDSJqdDIq7rI9Mdw8VHp\n8r/+ikUHwcmHrVPNRE2SoVTty306x0+PRRC/ZUOmIUB2Y1DLMa5UYknhxA+s4K/s\nWpqLEZpxuhMhTsEzm5e4q+1KSRZlRQttE6zrMPyMR7oVU8vVNj3ReQ4MHrcwMZH3\na406yNSl+lNW8DKwB9lP/JJzJlrfQdRFubLS2WI+0CAGrFXAtjvfgAvT54LICx1S\nHOCzxgXWaZn/VxQ/pY3/rOIv9hMhE2Ka1kKu/+/XpGgZ1VvS59k9sovBlDFbdMsi\n25XMcSmJ/o8hlfPuJAAPaA6VlE6iUwTa4lhoYo45MYZgkjG0gQKCAQEA3BtKUqRQ\nnP3+wv1EVZHhZuJwqc9Wl5DS10B7nyKxkmw3fPb7HhMLjSY0ZOjY2DHCqrX1fmzw\n/pwGybGUFJXOBqR0GGJL43MugJtvDBUIUutA0SHSj0Ykd+iWpC/q3HubfSinLBzk\n2HDolTydhitOC9J3uxPVcgPOiifDAKbEieydORRJMs4/FKYs5abDXREYvGauDVA6\nblJvhqDKvFDwVR+bbCS95Z5bfir5+kpQWgYMHS0NDHiz8B78dzVqHowoWONAY01X\no3BIP6K2FgIkjXmQc95e4x8AScfsoMhMePJX8TE9b+c2Hq0fiM214iWhmGRn8FHN\nadyTTMHZCxKd0QKCAQEA2L4NsorrMOjCGU4sEZHaYCG1KBk9CGGbSCWcKxIAqFo3\nQWd/CcbYo4lAvreGLqSOhzwvI66rzrCs2+RJXe1bQjBDCJ95aCkabKWH3eVDanCg\nnShC7KQzi0nCoNa9ZlwyPJZKjI1+P3hhF5fi9FvL010P4ia3W53OsJ8tijg+cp4+\n2yPkH077pqJAYOSnTC35zYP27IPepZMHPxykAp0D706jizgedIGsic0YnW02Utrr\nV15KF1V/vlvuzs+O4lrjXpsBVc9Y4jDDYA9ubLb9YoXeM3gr++aOCGsLF0vZJqqz\n8dpBFsSfz1EKz04a3ZDVVZhM3WxhsK/ioDXRAtP/jwKCAQEAjbqk6QIVRoHnAffD\ngLYmxfEZSr7Pq1j96s0CzT2xye8U68q9eGgbEBCBvFiTCONBzlrMcVQE+m3NkSJf\nj8HGoFBU0T66TwNj9jwgDU+dxIbnfcKhqtAnu25xUdfpC4AsZzM+MhGI6jYKDc6y\nQCqyXrpvjm7/CiOZYyynTEwWUhmiQ5bka2qTA+DdGCOBuPPBUc9sU/ZNKay7U51F\n7mzP1IA9vC0Meka181AJFzmy88ThGAhiVp2CgCPzvW8PngvyDwqF82th+0PZweAs\nD4/hqZeVhIaz4tube+bYX8+aLmceaZijTuM63hXsMFMFw1En9NDyfLSv6HK4Brzr\n3U1ngQKCAQBP+jlls5s7rffJjK34QcC6DlYhmMaLrDC3e6FXx0nU1Y1kJgOboPNZ\nzRDGD0SFO5WYU131pcOh/lGaxm9IKIivMM3bhbUv+VLV2nL7L1kkErFBrJSda63V\nbP9TiEnVVpn2/2I84Q0/8HSrVxGZJ7JbqRBuW+j29pFJXUNZqI1qj/gTtve7kdKM\nV3y4BEezdZei/VoFRlfG8y0OXcwrZrMIABWbDrc2OI9pPfQiSyVrh3ql/5YJbDQ6\nEwRY7gAEiJMz2rCwcFWVCXden/MYTKHNVCZ9CY/5YMbyVkV+cC+N9Bl4WhgAhceO\noZICkwiYz5PZBN0AK7kUkKJoidM5Xu8DAoIBAQDW6J3YfvEy6VvX5O2ZmRu9HHlr\nVi3QrPyR3jz6B50zL/iutD+21+BVtZL7brBC8olvlQX1U+jUOHMLqVQ9CiBPZdv8\nrGrzldcwYBpCEX7tM7zt97PffWOiSOoWzOKyNnThoK3lIJTDqa54JwhlknL7WhcI\nO+i27oMpnYIoPPgZjrghepzYOeDlEW0yjNxmZqaDR3IpJf8rflDuDrE8+Ok5M901\nee70sfvs/wGf5LV6pTUJSLkK51l9miIfnITjdjV5wt6eBUKf6bxfKbiobsHPhCxS\ncoTU0vCEPFNrV7bgmlk+wwSJMoEDV8IaLTSwkR5IRZJESdgaaJO6zC8Lo3wE\n-----END RSA PRIVATE KEY-----\n",
            "content_base64": null,
            "content_base64sha256": "24a69/VIG2WWyghb3cWHlJdfQj5M4+1nLjk4zdG9Bg4=",
            "content_base64sha512": "MvyndNMv0mRpWqsK9x/hZceRvfwrw/G1yjUc/k+i/ko/9qHHikDUA4gjRJRcuqwg4E1dxFQRForRGPKnIvSwYg==",
            "content_md5": "562fb1b84907913485b856e4e26169e8",
            "content_sha1": "1ccdb8fd781aa89109b437bdc580f3c400a138f4",
            "content_sha256": "db86baf7f5481b6596ca085bddc58794975f423e4ce3ed672e3938cdd1bd060e",
            "content_sha512": "32fca774d32fd264695aab0af71fe165c791bdfc2bc3f1b5ca351cfe4fa2fe4a3ff6a1c78a40d403882344945cbaac20e04d5dc45411168ad118f2a722f4b062",
            "directory_permission": "0777",
            "file_permission": "0400",
            "filename": "NayaWala",
            "id": "1ccdb8fd781aa89109b437bdc580f3c400a138f4",
            "sensitive_content": null,
            "source": null
          },
          "sensitive_attributes": [
            [
              {
                "type": "get_attr",
                "value": "content"
              }
            ],
            [
              {
                "type": "get_attr",
                "value": "sensitive_content"
              }
            ]
          ],
          "identity_schema_version": 0,
          "dependencies": [
            "tls_private_key.rsa"
          ]
        }
      ]
    },
    {
      "mode": "managed",
      "type": "tls_private_key",
      "name": "rsa",
      "provider": "provider[\"registry.terraform.io/hashicorp/tls\"]",
      "instances": [
        {
          "schema_version": 1,
          "attributes": {
            "algorithm": "RSA",
            "ecdsa_curve": "P224",
            "id": "9c3207789ddf121ccc65aa3f1526d60732c5223c",
            "private_key_openssh": "-----BEGIN OPENSSH PRIVATE KEY-----\nb3BlbnNzaC1rZXktdjEAAAAABG5vbmUAAAAEbm9uZQAAAAAAAAABAAACFwAAAAdz\nc2gtcnNhAAAAAwEAAQAAAgEAulpuvckqxUQvez180V9YC90hjexZJgayOaVf843s\net+VUA7IbOlGB60H6j5iZN+TZ54ecVRZha2E4k/4JdRgbT53DwDA+4FujfUBw/HW\n9ODqFHfHnaj5T9a7OLF+HTb5N1zfMjXqTrYcXtX88mjrocKqCptoHDgfkW7M3+c6\n/OvH7M2zgjIR6aj4C3N8QtmBzju/deG3EFe3Xg7w+0VEW58+GmFuXNAqQnwzbIx8\nXNICewBkMEW15qdRessVdU500QCPQM/n0DkDIldwDQ51/g6bGbLg4s7ghArjUdFn\nnPzVq42Mfd98SP2GS42yDHdhmRs3CRW56qS0wu5ynLvMxmO+ubEUavZQAAqcvgS5\n3z46kAbRc23qBpofod/Lt4uwUaBk/JMXUkPGUQ/V9P0++gCDofIjNT7Ql92SZ+Lu\nIHijYoBm5O9MvSDswuuIlKcU2FSMfyIGvll/jiElTkQA3q0+11RoAPqYzcmYozSQ\nHe3hfEs0O2xElwLM62Fs8FPkZkxYpR+S8oi9MpLWXYi3elcWV+dBLxBMlA/kW82X\nL7n/C0CUPKahaZ6f13nd8/JbPbCIUSJ913ryHZxoELeqXxOb9pKb5Q3o9NvVFVnQ\nbYN/KiLvK6mD5xE5tw+nYfWH8SRUMqVPgd558bZ0CA8QhoyEc5OHyPkIPnDceW/c\nVr8AAAc4iiomQYoqJkEAAAAHc3NoLXJzYQAAAgEAulpuvckqxUQvez180V9YC90h\njexZJgayOaVf843set+VUA7IbOlGB60H6j5iZN+TZ54ecVRZha2E4k/4JdRgbT53\nDwDA+4FujfUBw/HW9ODqFHfHnaj5T9a7OLF+HTb5N1zfMjXqTrYcXtX88mjrocKq\nCptoHDgfkW7M3+c6/OvH7M2zgjIR6aj4C3N8QtmBzju/deG3EFe3Xg7w+0VEW58+\nGmFuXNAqQnwzbIx8XNICewBkMEW15qdRessVdU500QCPQM/n0DkDIldwDQ51/g6b\nGbLg4s7ghArjUdFnnPzVq42Mfd98SP2GS42yDHdhmRs3CRW56qS0wu5ynLvMxmO+\nubEUavZQAAqcvgS53z46kAbRc23qBpofod/Lt4uwUaBk/JMXUkPGUQ/V9P0++gCD\nofIjNT7Ql92SZ+LuIHijYoBm5O9MvSDswuuIlKcU2FSMfyIGvll/jiElTkQA3q0+\n11RoAPqYzcmYozSQHe3hfEs0O2xElwLM62Fs8FPkZkxYpR+S8oi9MpLWXYi3elcW\nV+dBLxBMlA/kW82XL7n/C0CUPKahaZ6f13nd8/JbPbCIUSJ913ryHZxoELeqXxOb\n9pKb5Q3o9NvVFVnQbYN/KiLvK6mD5xE5tw+nYfWH8SRUMqVPgd558bZ0CA8QhoyE\nc5OHyPkIPnDceW/cVr8AAAADAQABAAACADehP2XQY8A3tqTnmhc2iyYfgSDI6WP8\no7+pqpceSvXzQLOBdjts98ba1H4M2Xqbc3l/Lj9OmtrZDc4xaTaBy7dQ6mHEK9fo\nr4QZG8nOrAi2C6rIhwJ9qs82nvUxpyA5hPQN+WMXzTZqDtYQs036HD1Ry0kXU2D5\nMBNOLEK62FUgXbJHRcsb/1TtZ/6jHvklzSYvl9ws4WUzij294BpidyGSzAs8AqIa\nUkM+qGtDFOzwlGT7nOz8Im0UjbJGZcV7AkxSCnGinuT93/2kdIKxSm/pFEv7pj6O\n218PkQSfqnqmz3JC8ymwSX3QkQKE7h3ilXQLN8aygamWOY/ndrdrKJmeTEN3+Ra2\nzZRa01KENImp0Mirusj0x3DxUenyv/6KRQfByYetU81ETZKhVO3LfTrHT49FEL9l\nQ6YhQHZjUMsxrlRiSeHED6zgr+xamosRmnG6EyFOwTObl7ir7UpJFmVFC20TrOsw\n/IxHuhVTy9U2PdF5DgwetzAxkfdrjTrI1KX6U1bwMrAH2U/8knMmWt9B1EW5stLZ\nYj7QIAasVcC2O9+AC9PngsgLHVIc4LPGBdZpmf9XFD+ljf+s4i/2EyETYprWQq7/\n79ekaBnVW9Ln2T2yi8GUMVt0yyLblcxxKYn+jyGV8+4kAA9oDpWUTqJTBNriWGhi\njjkxhmCSMbSBAAABAQDW6J3YfvEy6VvX5O2ZmRu9HHlrVi3QrPyR3jz6B50zL/iu\ntD+21+BVtZL7brBC8olvlQX1U+jUOHMLqVQ9CiBPZdv8rGrzldcwYBpCEX7tM7zt\n97PffWOiSOoWzOKyNnThoK3lIJTDqa54JwhlknL7WhcIO+i27oMpnYIoPPgZjrgh\nepzYOeDlEW0yjNxmZqaDR3IpJf8rflDuDrE8+Ok5M901ee70sfvs/wGf5LV6pTUJ\nSLkK51l9miIfnITjdjV5wt6eBUKf6bxfKbiobsHPhCxScoTU0vCEPFNrV7bgmlk+\nwwSJMoEDV8IaLTSwkR5IRZJESdgaaJO6zC8Lo3wEAAABAQDcG0pSpFCc/f7C/URV\nkeFm4nCpz1aXkNLXQHufIrGSbDd89vseEwuNJjRk6NjYMcKqtfV+bPD+nAbJsZQU\nlc4GpHQYYkvjcy6Am28MFQhS60DRIdKPRiR36JakL+rce5t9KKcsHOTYcOiVPJ2G\nK04L0ne7E9VyA86KJ8MApsSJ7J05FEkyzj8UpizlpsNdERi8Zq4NUDpuUm+GoMq8\nUPBVH5tsJL3lnlt+Kvn6SlBaBgwdLQ0MeLPwHvx3NWoejChY40BjTVejcEg/orYW\nAiSNeZBz3l7jHwBJx+ygyEx48lfxMT1v5zYerR+IzbXiJaGYZGfwUc1p3JNMwdkL\nEp3RAAABAQDYvg2yiusw6MIZTiwRkdpgIbUoGT0IYZtIJZwrEgCoWjdBZ38Jxtij\niUC+t4YupI6HPC8jrqvOsKzb5Eld7VtCMEMIn3loKRpspYfd5UNqcKCdKELspDOL\nScKg1r1mXDI8lkqMjX4/eGEXl+L0W8vTXQ/iJrdbnc6wny2KOD5ynj7bI+QfTvum\nokBg5KdMLfnNg/bsg96lkwc/HKQCnQPvTqOLOB50gayJzRidbTZS2utXXkoXVX++\nW+7Oz47iWuNemwFVz1jiMMNgD25stv1ihd4zeCv75o4IawsXS9kmqrPx2kEWxJ/P\nUQrPThrdkNVVmEzdbGGwr+KgNdEC0/+PAAAAAAEC\n-----END OPENSSH PRIVATE KEY-----\n",
            "private_key_pem": "-----BEGIN RSA PRIVATE KEY-----\nMIIJKQIBAAKCAgEAulpuvckqxUQvez180V9YC90hjexZJgayOaVf843set+VUA7I\nbOlGB60H6j5iZN+TZ54ecVRZha2E4k/4JdRgbT53DwDA+4FujfUBw/HW9ODqFHfH\nnaj5T9a7OLF+HTb5N1zfMjXqTrYcXtX88mjrocKqCptoHDgfkW7M3+c6/OvH7M2z\ngjIR6aj4C3N8QtmBzju/deG3EFe3Xg7w+0VEW58+GmFuXNAqQnwzbIx8XNICewBk\nMEW15qdRessVdU500QCPQM/n0DkDIldwDQ51/g6bGbLg4s7ghArjUdFnnPzVq42M\nfd98SP2GS42yDHdhmRs3CRW56qS0wu5ynLvMxmO+ubEUavZQAAqcvgS53z46kAbR\nc23qBpofod/Lt4uwUaBk/JMXUkPGUQ/V9P0++gCDofIjNT7Ql92SZ+LuIHijYoBm\n5O9MvSDswuuIlKcU2FSMfyIGvll/jiElTkQA3q0+11RoAPqYzcmYozSQHe3hfEs0\nO2xElwLM62Fs8FPkZkxYpR+S8oi9MpLWXYi3elcWV+dBLxBMlA/kW82XL7n/C0CU\nPKahaZ6f13nd8/JbPbCIUSJ913ryHZxoELeqXxOb9pKb5Q3o9NvVFVnQbYN/KiLv\nK6mD5xE5tw+nYfWH8SRUMqVPgd558bZ0CA8QhoyEc5OHyPkIPnDceW/cVr8CAwEA\nAQKCAgA3oT9l0GPAN7ak55oXNosmH4EgyOlj/KO/qaqXHkr180CzgXY7bPfG2tR+\nDNl6m3N5fy4/Tpra2Q3OMWk2gcu3UOphxCvX6K+EGRvJzqwItguqyIcCfarPNp71\nMacgOYT0DfljF802ag7WELNN+hw9UctJF1Ng+TATTixCuthVIF2yR0XLG/9U7Wf+\nox75Jc0mL5fcLOFlM4o9veAaYnchkswLPAKiGlJDPqhrQxTs8JRk+5zs/CJtFI2y\nRmXFewJMUgpxop7k/d/9pHSCsUpv6RRL+6Y+jttfD5EEn6p6ps9yQvMpsEl90JEC\nhO4d4pV0CzfGsoGpljmP53a3ayiZnkxDd/kWts2UWtNShDSJqdDIq7rI9Mdw8VHp\n8r/+ikUHwcmHrVPNRE2SoVTty306x0+PRRC/ZUOmIUB2Y1DLMa5UYknhxA+s4K/s\nWpqLEZpxuhMhTsEzm5e4q+1KSRZlRQttE6zrMPyMR7oVU8vVNj3ReQ4MHrcwMZH3\na406yNSl+lNW8DKwB9lP/JJzJlrfQdRFubLS2WI+0CAGrFXAtjvfgAvT54LICx1S\nHOCzxgXWaZn/VxQ/pY3/rOIv9hMhE2Ka1kKu/+/XpGgZ1VvS59k9sovBlDFbdMsi\n25XMcSmJ/o8hlfPuJAAPaA6VlE6iUwTa4lhoYo45MYZgkjG0gQKCAQEA3BtKUqRQ\nnP3+wv1EVZHhZuJwqc9Wl5DS10B7nyKxkmw3fPb7HhMLjSY0ZOjY2DHCqrX1fmzw\n/pwGybGUFJXOBqR0GGJL43MugJtvDBUIUutA0SHSj0Ykd+iWpC/q3HubfSinLBzk\n2HDolTydhitOC9J3uxPVcgPOiifDAKbEieydORRJMs4/FKYs5abDXREYvGauDVA6\nblJvhqDKvFDwVR+bbCS95Z5bfir5+kpQWgYMHS0NDHiz8B78dzVqHowoWONAY01X\no3BIP6K2FgIkjXmQc95e4x8AScfsoMhMePJX8TE9b+c2Hq0fiM214iWhmGRn8FHN\nadyTTMHZCxKd0QKCAQEA2L4NsorrMOjCGU4sEZHaYCG1KBk9CGGbSCWcKxIAqFo3\nQWd/CcbYo4lAvreGLqSOhzwvI66rzrCs2+RJXe1bQjBDCJ95aCkabKWH3eVDanCg\nnShC7KQzi0nCoNa9ZlwyPJZKjI1+P3hhF5fi9FvL010P4ia3W53OsJ8tijg+cp4+\n2yPkH077pqJAYOSnTC35zYP27IPepZMHPxykAp0D706jizgedIGsic0YnW02Utrr\nV15KF1V/vlvuzs+O4lrjXpsBVc9Y4jDDYA9ubLb9YoXeM3gr++aOCGsLF0vZJqqz\n8dpBFsSfz1EKz04a3ZDVVZhM3WxhsK/ioDXRAtP/jwKCAQEAjbqk6QIVRoHnAffD\ngLYmxfEZSr7Pq1j96s0CzT2xye8U68q9eGgbEBCBvFiTCONBzlrMcVQE+m3NkSJf\nj8HGoFBU0T66TwNj9jwgDU+dxIbnfcKhqtAnu25xUdfpC4AsZzM+MhGI6jYKDc6y\nQCqyXrpvjm7/CiOZYyynTEwWUhmiQ5bka2qTA+DdGCOBuPPBUc9sU/ZNKay7U51F\n7mzP1IA9vC0Meka181AJFzmy88ThGAhiVp2CgCPzvW8PngvyDwqF82th+0PZweAs\nD4/hqZeVhIaz4tube+bYX8+aLmceaZijTuM63hXsMFMFw1En9NDyfLSv6HK4Brzr\n3U1ngQKCAQBP+jlls5s7rffJjK34QcC6DlYhmMaLrDC3e6FXx0nU1Y1kJgOboPNZ\nzRDGD0SFO5WYU131pcOh/lGaxm9IKIivMM3bhbUv+VLV2nL7L1kkErFBrJSda63V\nbP9TiEnVVpn2/2I84Q0/8HSrVxGZJ7JbqRBuW+j29pFJXUNZqI1qj/gTtve7kdKM\nV3y4BEezdZei/VoFRlfG8y0OXcwrZrMIABWbDrc2OI9pPfQiSyVrh3ql/5YJbDQ6\nEwRY7gAEiJMz2rCwcFWVCXden/MYTKHNVCZ9CY/5YMbyVkV+cC+N9Bl4WhgAhceO\noZICkwiYz5PZBN0AK7kUkKJoidM5Xu8DAoIBAQDW6J3YfvEy6VvX5O2ZmRu9HHlr\nVi3QrPyR3jz6B50zL/iutD+21+BVtZL7brBC8olvlQX1U+jUOHMLqVQ9CiBPZdv8\nrGrzldcwYBpCEX7tM7zt97PffWOiSOoWzOKyNnThoK3lIJTDqa54JwhlknL7WhcI\nO+i27oMpnYIoPPgZjrghepzYOeDlEW0yjNxmZqaDR3IpJf8rflDuDrE8+Ok5M901\nee70sfvs/wGf5LV6pTUJSLkK51l9miIfnITjdjV5wt6eBUKf6bxfKbiobsHPhCxS\ncoTU0vCEPFNrV7bgmlk+wwSJMoEDV8IaLTSwkR5IRZJESdgaaJO6zC8Lo3wE\n-----END RSA PRIVATE KEY-----\n",
            "private_key_pem_pkcs8": "-----BEGIN PRIVATE KEY-----\nMIIJQwIBADANBgkqhkiG9w0BAQEFAASCCS0wggkpAgEAAoICAQC6Wm69ySrFRC97\nPXzRX1gL3SGN7FkmBrI5pV/zjex635VQDshs6UYHrQfqPmJk35Nnnh5xVFmFrYTi\nT/gl1GBtPncPAMD7gW6N9QHD8db04OoUd8edqPlP1rs4sX4dNvk3XN8yNepOthxe\n1fzyaOuhwqoKm2gcOB+Rbszf5zr868fszbOCMhHpqPgLc3xC2YHOO7914bcQV7de\nDvD7RURbnz4aYW5c0CpCfDNsjHxc0gJ7AGQwRbXmp1F6yxV1TnTRAI9Az+fQOQMi\nV3ANDnX+DpsZsuDizuCECuNR0Wec/NWrjYx933xI/YZLjbIMd2GZGzcJFbnqpLTC\n7nKcu8zGY765sRRq9lAACpy+BLnfPjqQBtFzbeoGmh+h38u3i7BRoGT8kxdSQ8ZR\nD9X0/T76AIOh8iM1PtCX3ZJn4u4geKNigGbk70y9IOzC64iUpxTYVIx/Iga+WX+O\nISVORADerT7XVGgA+pjNyZijNJAd7eF8SzQ7bESXAszrYWzwU+RmTFilH5LyiL0y\nktZdiLd6VxZX50EvEEyUD+RbzZcvuf8LQJQ8pqFpnp/Xed3z8ls9sIhRIn3XevId\nnGgQt6pfE5v2kpvlDej029UVWdBtg38qIu8rqYPnETm3D6dh9YfxJFQypU+B3nnx\ntnQIDxCGjIRzk4fI+Qg+cNx5b9xWvwIDAQABAoICADehP2XQY8A3tqTnmhc2iyYf\ngSDI6WP8o7+pqpceSvXzQLOBdjts98ba1H4M2Xqbc3l/Lj9OmtrZDc4xaTaBy7dQ\n6mHEK9for4QZG8nOrAi2C6rIhwJ9qs82nvUxpyA5hPQN+WMXzTZqDtYQs036HD1R\ny0kXU2D5MBNOLEK62FUgXbJHRcsb/1TtZ/6jHvklzSYvl9ws4WUzij294BpidyGS\nzAs8AqIaUkM+qGtDFOzwlGT7nOz8Im0UjbJGZcV7AkxSCnGinuT93/2kdIKxSm/p\nFEv7pj6O218PkQSfqnqmz3JC8ymwSX3QkQKE7h3ilXQLN8aygamWOY/ndrdrKJme\nTEN3+Ra2zZRa01KENImp0Mirusj0x3DxUenyv/6KRQfByYetU81ETZKhVO3LfTrH\nT49FEL9lQ6YhQHZjUMsxrlRiSeHED6zgr+xamosRmnG6EyFOwTObl7ir7UpJFmVF\nC20TrOsw/IxHuhVTy9U2PdF5DgwetzAxkfdrjTrI1KX6U1bwMrAH2U/8knMmWt9B\n1EW5stLZYj7QIAasVcC2O9+AC9PngsgLHVIc4LPGBdZpmf9XFD+ljf+s4i/2EyET\nYprWQq7/79ekaBnVW9Ln2T2yi8GUMVt0yyLblcxxKYn+jyGV8+4kAA9oDpWUTqJT\nBNriWGhijjkxhmCSMbSBAoIBAQDcG0pSpFCc/f7C/URVkeFm4nCpz1aXkNLXQHuf\nIrGSbDd89vseEwuNJjRk6NjYMcKqtfV+bPD+nAbJsZQUlc4GpHQYYkvjcy6Am28M\nFQhS60DRIdKPRiR36JakL+rce5t9KKcsHOTYcOiVPJ2GK04L0ne7E9VyA86KJ8MA\npsSJ7J05FEkyzj8UpizlpsNdERi8Zq4NUDpuUm+GoMq8UPBVH5tsJL3lnlt+Kvn6\nSlBaBgwdLQ0MeLPwHvx3NWoejChY40BjTVejcEg/orYWAiSNeZBz3l7jHwBJx+yg\nyEx48lfxMT1v5zYerR+IzbXiJaGYZGfwUc1p3JNMwdkLEp3RAoIBAQDYvg2yiusw\n6MIZTiwRkdpgIbUoGT0IYZtIJZwrEgCoWjdBZ38JxtijiUC+t4YupI6HPC8jrqvO\nsKzb5Eld7VtCMEMIn3loKRpspYfd5UNqcKCdKELspDOLScKg1r1mXDI8lkqMjX4/\neGEXl+L0W8vTXQ/iJrdbnc6wny2KOD5ynj7bI+QfTvumokBg5KdMLfnNg/bsg96l\nkwc/HKQCnQPvTqOLOB50gayJzRidbTZS2utXXkoXVX++W+7Oz47iWuNemwFVz1ji\nMMNgD25stv1ihd4zeCv75o4IawsXS9kmqrPx2kEWxJ/PUQrPThrdkNVVmEzdbGGw\nr+KgNdEC0/+PAoIBAQCNuqTpAhVGgecB98OAtibF8RlKvs+rWP3qzQLNPbHJ7xTr\nyr14aBsQEIG8WJMI40HOWsxxVAT6bc2RIl+PwcagUFTRPrpPA2P2PCANT53Ehud9\nwqGq0Ce7bnFR1+kLgCxnMz4yEYjqNgoNzrJAKrJeum+Obv8KI5ljLKdMTBZSGaJD\nluRrapMD4N0YI4G488FRz2xT9k0prLtTnUXubM/UgD28LQx6RrXzUAkXObLzxOEY\nCGJWnYKAI/O9bw+eC/IPCoXza2H7Q9nB4CwPj+Gpl5WEhrPi25t75thfz5ouZx5p\nmKNO4zreFewwUwXDUSf00PJ8tK/ocrgGvOvdTWeBAoIBAE/6OWWzmzut98mMrfhB\nwLoOViGYxousMLd7oVfHSdTVjWQmA5ug81nNEMYPRIU7lZhTXfWlw6H+UZrGb0go\niK8wzduFtS/5UtXacvsvWSQSsUGslJ1rrdVs/1OISdVWmfb/YjzhDT/wdKtXEZkn\nslupEG5b6Pb2kUldQ1mojWqP+BO297uR0oxXfLgER7N1l6L9WgVGV8bzLQ5dzCtm\nswgAFZsOtzY4j2k99CJLJWuHeqX/lglsNDoTBFjuAASIkzPasLBwVZUJd16f8xhM\noc1UJn0Jj/lgxvJWRX5wL430GXhaGACFx46hkgKTCJjPk9kE3QAruRSQomiJ0zle\n7wMCggEBANbondh+8TLpW9fk7ZmZG70ceWtWLdCs/JHePPoHnTMv+K60P7bX4FW1\nkvtusELyiW+VBfVT6NQ4cwupVD0KIE9l2/ysavOV1zBgGkIRfu0zvO33s999Y6JI\n6hbM4rI2dOGgreUglMOprngnCGWScvtaFwg76Lbugymdgig8+BmOuCF6nNg54OUR\nbTKM3GZmpoNHcikl/yt+UO4OsTz46Tkz3TV57vSx++z/AZ/ktXqlNQlIuQrnWX2a\nIh+chON2NXnC3p4FQp/pvF8puKhuwc+ELFJyhNTS8IQ8U2tXtuCaWT7DBIkygQNX\nwhotNLCRHkhFkkRJ2Bpok7rMLwujfAQ=\n-----END PRIVATE KEY-----\n",
            "public_key_fingerprint_md5": "97:45:82:6c:6e:3c:17:7c:12:fd:af:5a:db:c3:35:bd",
            "public_key_fingerprint_sha256": "SHA256:wiTi55VMelHf+nFBnrzDade9dy8D+QeN3evHUk/FQ2Q",
            "public_key_openssh": "ssh-rsa AAAAB3NzaC1yc2EAAAADAQABAAACAQC6Wm69ySrFRC97PXzRX1gL3SGN7FkmBrI5pV/zjex635VQDshs6UYHrQfqPmJk35Nnnh5xVFmFrYTiT/gl1GBtPncPAMD7gW6N9QHD8db04OoUd8edqPlP1rs4sX4dNvk3XN8yNepOthxe1fzyaOuhwqoKm2gcOB+Rbszf5zr868fszbOCMhHpqPgLc3xC2YHOO7914bcQV7deDvD7RURbnz4aYW5c0CpCfDNsjHxc0gJ7AGQwRbXmp1F6yxV1TnTRAI9Az+fQOQMiV3ANDnX+DpsZsuDizuCECuNR0Wec/NWrjYx933xI/YZLjbIMd2GZGzcJFbnqpLTC7nKcu8zGY765sRRq9lAACpy+BLnfPjqQBtFzbeoGmh+h38u3i7BRoGT8kxdSQ8ZRD9X0/T76AIOh8iM1PtCX3ZJn4u4geKNigGbk70y9IOzC64iUpxTYVIx/Iga+WX+OISVORADerT7XVGgA+pjNyZijNJAd7eF8SzQ7bESXAszrYWzwU+RmTFilH5LyiL0yktZdiLd6VxZX50EvEEyUD+RbzZcvuf8LQJQ8pqFpnp/Xed3z8ls9sIhRIn3XevIdnGgQt6pfE5v2kpvlDej029UVWdBtg38qIu8rqYPnETm3D6dh9YfxJFQypU+B3nnxtnQIDxCGjIRzk4fI+Qg+cNx5b9xWvw==\n",
            "public_key_pem": "-----BEGIN PUBLIC KEY-----\nMIICIjANBgkqhkiG9w0BAQEFAAOCAg8AMIICCgKCAgEAulpuvckqxUQvez180V9Y\nC90hjexZJgayOaVf843set+VUA7IbOlGB60H6j5iZN+TZ54ecVRZha2E4k/4JdRg\nbT53DwDA+4FujfUBw/HW9ODqFHfHnaj5T9a7OLF+HTb5N1zfMjXqTrYcXtX88mjr\nocKqCptoHDgfkW7M3+c6/OvH7M2zgjIR6aj4C3N8QtmBzju/deG3EFe3Xg7w+0VE\nW58+GmFuXNAqQnwzbIx8XNICewBkMEW15qdRessVdU500QCPQM/n0DkDIldwDQ51\n/g6bGbLg4s7ghArjUdFnnPzVq42Mfd98SP2GS42yDHdhmRs3CRW56qS0wu5ynLvM\nxmO+ubEUavZQAAqcvgS53z46kAbRc23qBpofod/Lt4uwUaBk/JMXUkPGUQ/V9P0+\n+gCDofIjNT7Ql92SZ+LuIHijYoBm5O9MvSDswuuIlKcU2FSMfyIGvll/jiElTkQA\n3q0+11RoAPqYzcmYozSQHe3hfEs0O2xElwLM62Fs8FPkZkxYpR+S8oi9MpLWXYi3\nelcWV+dBLxBMlA/kW82XL7n/C0CUPKahaZ6f13nd8/JbPbCIUSJ913ryHZxoELeq\nXxOb9pKb5Q3o9NvVFVnQbYN/KiLvK6mD5xE5tw+nYfWH8SRUMqVPgd558bZ0CA8Q\nhoyEc5OHyPkIPnDceW/cVr8CAwEAAQ==\n-----END PUBLIC KEY-----\n",
            "rsa_bits": 4096
          },
          "sensitive_attributes": [
            [
              {
                "type": "get_attr",
                "value": "private_key_openssh"
              }
            ],
            [
              {
                "type": "get_attr",
                "value": "private_key_pem"
              }
            ],
            [
              {
                "type": "get_attr",
                "value": "private_key_pem_pkcs8"
              }
            ]
          ],
          "identity_schema_version": 0
        }
      ]
    },
    {
      "module": "module.app",
      "mode": "managed",
      "type": "aws_instance",
      "name": "app_server",
      "provider": "provider[\"registry.terraform.io/hashicorp/aws\"]",
      "instances": [
        {
          "schema_version": 1,
          "attributes": {
            "ami": "ami-084568db4383264d4",
            "arn": "arn:aws:ec2:us-east-1:415851144899:instance/i-017696e96bfce1fa3",
            "associate_public_ip_address": false,
            "availability_zone": "us-east-1b",
            "capacity_reservation_specification": [
              {
                "capacity_reservation_preference": "open",
                "capacity_reservation_target": []
              }
            ],
            "cpu_core_count": 1,
            "cpu_options": [
              {
                "amd_sev_snp": "",
                "core_count": 1,
                "threads_per_core": 1
              }
            ],
            "cpu_threads_per_core": 1,
            "credit_specification": [
              {
                "cpu_credits": "standard"
              }
            ],
            "disable_api_stop": false,
            "disable_api_termination": false,
            "ebs_block_device": [],
            "ebs_optimized": false,
            "enable_primary_ipv6": null,
            "enclave_options": [
              {
                "enabled": false
              }
            ],
            "ephemeral_block_device": [],
            "get_password_data": false,
            "hibernation": false,
            "host_id": "",
            "host_resource_group_arn": null,
            "iam_instance_profile": "",
            "id": "i-017696e96bfce1fa3",
            "instance_initiated_shutdown_behavior": "stop",
            "instance_lifecycle": "",
            "instance_market_options": [],
            "instance_state": "running",
            "instance_type": "t2.micro",
            "ipv6_address_count": 0,
            "ipv6_addresses": [],
            "key_name": "NayaWala",
            "launch_template": [],
            "maintenance_options": [
              {
                "auto_recovery": "default"
              }
            ],
            "metadata_options": [
              {
                "http_endpoint": "enabled",
                "http_protocol_ipv6": "disabled",
                "http_put_response_hop_limit": 2,
                "http_tokens": "required",
                "instance_metadata_tags": "disabled"
              }
            ],
            "monitoring": false,
            "network_interface": [],
            "outpost_arn": "",
            "password_data": "",
            "placement_group": "",
            "placement_partition_number": 0,
            "primary_network_interface_id": "eni-02673046615c18703",
            "private_dns": "ip-10-0-31-16.ec2.internal",
            "private_dns_name_options": [
              {
                "enable_resource_name_dns_a_record": false,
                "enable_resource_name_dns_aaaa_record": false,
                "hostname_type": "ip-name"
              }
            ],
            "private_ip": "10.0.31.16",
            "public_dns": "",
            "public_ip": "",
            "root_block_device": [
              {
                "delete_on_termination": true,
                "device_name": "/dev/sda1",
                "encrypted": false,
                "iops": 3000,
                "kms_key_id": "",
                "tags": {},
                "tags_all": {},
                "throughput": 125,
                "volume_id": "vol-02fbf7517390b3158",
                "volume_size": 8,
                "volume_type": "gp3"
              }
            ],
            "secondary_private_ips": [],
            "security_groups": [],
            "source_dest_check": true,
            "spot_instance_request_id": "",
            "subnet_id": "subnet-09631f7067cf120c1",
            "tags": {
              "Name": "App_Server"
            },
            "tags_all": {
              "Name": "App_Server"
            },
            "tenancy": "default",
            "timeouts": null,
            "user_data": null,
            "user_data_base64": null,
            "user_data_replace_on_change": false,
            "volume_tags": null,
            "vpc_security_group_ids": [
              "sg-04034ce21ced95edc"
            ]
          },
          "sensitive_attributes": [],
          "identity_schema_version": 0,
          "private": "eyJlMmJmYjczMC1lY2FhLTExZTYtOGY4OC0zNDM2M2JjN2M0YzAiOnsiY3JlYXRlIjo2MDAwMDAwMDAwMDAsImRlbGV0ZSI6MTIwMDAwMDAwMDAwMCwicmVhZCI6OTAwMDAwMDAwMDAwLCJ1cGRhdGUiOjYwMDAwMDAwMDAwMH0sInNjaGVtYV92ZXJzaW9uIjoiMSJ9",
          "dependencies": [
            "module.security.aws_security_group.C-VPC-app-sg",
            "module.vpc.aws_subnet.appsubnet",
            "module.vpc.aws_vpc.custom_vpc"
          ]
        }
      ]
    },
    {
      "module": "module.bastion",
      "mode": "managed",
      "type": "aws_instance",
      "name": "bastion_server",
      "provider": "provider[\"registry.terraform.io/hashicorp/aws\"]",
      "instances": [
        {
          "schema_version": 1,
          "attributes": {
            "ami": "ami-084568db4383264d4",
            "arn": "arn:aws:ec2:us-east-1:415851144899:instance/i-0bc1d060a1ff192ba",
            "associate_public_ip_address": true,
            "availability_zone": "us-east-1a",
            "capacity_reservation_specification": [
              {
                "capacity_reservation_preference": "open",
                "capacity_reservation_target": []
              }
            ],
            "cpu_core_count": 1,
            "cpu_options": [
              {
                "amd_sev_snp": "",
                "core_count": 1,
                "threads_per_core": 1
              }
            ],
            "cpu_threads_per_core": 1,
            "credit_specification": [
              {
                "cpu_credits": "standard"
              }
            ],
            "disable_api_stop": false,
            "disable_api_termination": false,
            "ebs_block_device": [],
            "ebs_optimized": false,
            "enable_primary_ipv6": null,
            "enclave_options": [
              {
                "enabled": false
              }
            ],
            "ephemeral_block_device": [],
            "get_password_data": false,
            "hibernation": false,
            "host_id": "",
            "host_resource_group_arn": null,
            "iam_instance_profile": "",
            "id": "i-0bc1d060a1ff192ba",
            "instance_initiated_shutdown_behavior": "stop",
            "instance_lifecycle": "",
            "instance_market_options": [],
            "instance_state": "running",
            "instance_type": "t2.micro",
            "ipv6_address_count": 0,
            "ipv6_addresses": [],
            "key_name": "NayaWala",
            "launch_template": [],
            "maintenance_options": [
              {
                "auto_recovery": "default"
              }
            ],
            "metadata_options": [
              {
                "http_endpoint": "enabled",
                "http_protocol_ipv6": "disabled",
                "http_put_response_hop_limit": 2,
                "http_tokens": "required",
                "instance_metadata_tags": "disabled"
              }
            ],
            "monitoring": false,
            "network_interface": [],
            "outpost_arn": "",
            "password_data": "",
            "placement_group": "",
            "placement_partition_number": 0,
            "primary_network_interface_id": "eni-01c5bb8d2a3633ae8",
            "private_dns": "ip-10-0-12-106.ec2.internal",
            "private_dns_name_options": [
              {
                "enable_resource_name_dns_a_record": false,
                "enable_resource_name_dns_aaaa_record": false,
                "hostname_type": "ip-name"
              }
            ],
            "private_ip": "10.0.12.106",
            "public_dns": "",
            "public_ip": "54.80.250.26",
            "root_block_device": [
              {
                "delete_on_termination": true,
                "device_name": "/dev/sda1",
                "encrypted": false,
                "iops": 3000,
                "kms_key_id": "",
                "tags": {},
                "tags_all": {},
                "throughput": 125,
                "volume_id": "vol-02e56b7f07fe09c8f",
                "volume_size": 8,
                "volume_type": "gp3"
              }
            ],
            "secondary_private_ips": [],
            "security_groups": [],
            "source_dest_check": true,
            "spot_instance_request_id": "",
            "subnet_id": "subnet-0452c60bd18942d97",
            "tags": {
              "Name": "Bastion_Server"
            },
            "tags_all": {
              "Name": "Bastion_Server"
            },
            "tenancy": "default",
            "timeouts": null,
            "user_data": null,
            "user_data_base64": null,
            "user_data_replace_on_change": false,
            "volume_tags": null,
            "vpc_security_group_ids": [
              "sg-0b5804a3ab67662b5"
            ]
          },
          "sensitive_attributes": [],
          "identity_schema_version": 0,
          "private": "eyJlMmJmYjczMC1lY2FhLTExZTYtOGY4OC0zNDM2M2JjN2M0YzAiOnsiY3JlYXRlIjo2MDAwMDAwMDAwMDAsImRlbGV0ZSI6MTIwMDAwMDAwMDAwMCwicmVhZCI6OTAwMDAwMDAwMDAwLCJ1cGRhdGUiOjYwMDAwMDAwMDAwMH0sInNjaGVtYV92ZXJzaW9uIjoiMSJ9",
          "dependencies": [
            "module.security.aws_security_group.C-VPC-Bastion-sg",
            "module.vpc.aws_subnet.websubnet",
            "module.vpc.aws_vpc.custom_vpc"
          ]
        }
      ]
    },
    {
      "module": "module.db",
      "mode": "managed",
      "type": "aws_db_instance",
      "name": "rds",
      "provider": "provider[\"registry.terraform.io/hashicorp/aws\"]",
      "instances": [
        {
          "schema_version": 2,
          "attributes": {
            "address": "terraform-20250706124141312800000003.cgvoq8uyiakt.us-east-1.rds.amazonaws.com",
            "allocated_storage": 10,
            "allow_major_version_upgrade": null,
            "apply_immediately": false,
            "arn": "arn:aws:rds:us-east-1:415851144899:db:terraform-20250706124141312800000003",
            "auto_minor_version_upgrade": true,
            "availability_zone": "us-east-1b",
            "backup_retention_period": 0,
            "backup_target": "region",
            "backup_window": "07:54-08:24",
            "blue_green_update": [],
            "ca_cert_identifier": "rds-ca-rsa2048-g1",
            "character_set_name": "",
            "copy_tags_to_snapshot": false,
            "custom_iam_instance_profile": "",
            "customer_owned_ip_enabled": false,
            "database_insights_mode": "standard",
            "db_name": "mydb",
            "db_subnet_group_name": "db-subnet-group",
            "dedicated_log_volume": false,
            "delete_automated_backups": true,
            "deletion_protection": false,
            "domain": "",
            "domain_auth_secret_arn": "",
            "domain_dns_ips": [],
            "domain_fqdn": "",
            "domain_iam_role_name": "",
            "domain_ou": "",
            "enabled_cloudwatch_logs_exports": [],
            "endpoint": "terraform-20250706124141312800000003.cgvoq8uyiakt.us-east-1.rds.amazonaws.com:3306",
            "engine": "mysql",
            "engine_lifecycle_support": "open-source-rds-extended-support",
            "engine_version": "8.0",
            "engine_version_actual": "8.0.41",
            "final_snapshot_identifier": null,
            "hosted_zone_id": "Z2R2ITUGPM61AM",
            "iam_database_authentication_enabled": false,
            "id": "db-KG5U5OWJNV2USWWC55BVXX645M",
            "identifier": "terraform-20250706124141312800000003",
            "identifier_prefix": "terraform-",
            "instance_class": "db.t3.micro",
            "iops": 0,
            "kms_key_id": "",
            "latest_restorable_time": "",
            "license_model": "general-public-license",
            "listener_endpoint": [],
            "maintenance_window": "mon:07:10-mon:07:40",
            "manage_master_user_password": null,
            "master_user_secret": [],
            "master_user_secret_kms_key_id": null,
            "max_allocated_storage": 0,
            "monitoring_interval": 0,
            "monitoring_role_arn": "",
            "multi_az": false,
            "nchar_character_set_name": "",
            "network_type": "IPV4",
            "option_group_name": "default:mysql-8-0",
            "parameter_group_name": "default.mysql8.0",
            "password": "pass1234",
            "password_wo": null,
            "password_wo_version": null,
            "performance_insights_enabled": false,
            "performance_insights_kms_key_id": "",
            "performance_insights_retention_period": 0,
            "port": 3306,
            "publicly_accessible": false,
            "replica_mode": "",
            "replicas": [],
            "replicate_source_db": "",
            "resource_id": "db-KG5U5OWJNV2USWWC55BVXX645M",
            "restore_to_point_in_time": [],
            "s3_import": [],
            "skip_final_snapshot": true,
            "snapshot_identifier": null,
            "status": "available",
            "storage_encrypted": false,
            "storage_throughput": 0,
            "storage_type": "gp2",
            "tags": {},
            "tags_all": {},
            "timeouts": null,
            "timezone": "",
            "upgrade_storage_config": null,
            "username": "root",
            "vpc_security_group_ids": [
              "sg-0bef11172d9883a7a"
            ]
          },
          "sensitive_attributes": [
            [
              {
                "type": "get_attr",
                "value": "password"
              }
            ],
            [
              {
                "type": "get_attr",
                "value": "password_wo"
              }
            ]
          ],
          "identity_schema_version": 0,
          "private": "eyJlMmJmYjczMC1lY2FhLTExZTYtOGY4OC0zNDM2M2JjN2M0YzAiOnsiY3JlYXRlIjozMDAwMDAwMDAwMDAwLCJkZWxldGUiOjM2MDAwMDAwMDAwMDAsInVwZGF0ZSI6NDgwMDAwMDAwMDAwMH0sInNjaGVtYV92ZXJzaW9uIjoiMiJ9",
          "dependencies": [
            "module.security.aws_security_group.C-VPC-db-sg",
            "module.vpc.aws_db_subnet_group.default",
            "module.vpc.aws_subnet.appsubnet",
            "module.vpc.aws_subnet.dbsubnet",
            "module.vpc.aws_vpc.custom_vpc"
          ]
        }
      ]
    },
    {
      "module": "module.security",
      "mode": "managed",
      "type": "aws_security_group",
      "name": "C-VPC-ALB-sg",
      "provider": "provider[\"registry.terraform.io/hashicorp/aws\"]",
      "instances": [
        {
          "schema_version": 1,
          "attributes": {
            "arn": "arn:aws:ec2:us-east-1:415851144899:security-group/sg-04f13042afbf1846f",
            "description": "Managed by Terraform",
            "egress": [
              {
                "cidr_blocks": [
                  "0.0.0.0/0"
                ],
                "description": "",
                "from_port": 0,
                "ipv6_cidr_blocks": [
                  "::/0"
                ],
                "prefix_list_ids": [],
                "protocol": "-1",
                "security_groups": [],
                "self": false,
                "to_port": 0
              }
            ],
            "id": "sg-04f13042afbf1846f",
            "ingress": [
              {
                "cidr_blocks": [
                  "0.0.0.0/0"
                ],
                "description": "",
                "from_port": 80,
                "ipv6_cidr_blocks": [],
                "prefix_list_ids": [],
                "protocol": "tcp",
                "security_groups": [],
                "self": false,
                "to_port": 80
              }
            ],
            "name": "Custom-VPC-ALB-sg",
            "name_prefix": "",
            "owner_id": "415851144899",
            "revoke_rules_on_delete": false,
            "tags": {},
            "tags_all": {},
            "timeouts": null,
            "vpc_id": "vpc-0516b4b4f68145ec8"
          },
          "sensitive_attributes": [],
          "identity_schema_version": 0,
          "private": "eyJlMmJmYjczMC1lY2FhLTExZTYtOGY4OC0zNDM2M2JjN2M0YzAiOnsiY3JlYXRlIjo2MDAwMDAwMDAwMDAsImRlbGV0ZSI6OTAwMDAwMDAwMDAwfSwic2NoZW1hX3ZlcnNpb24iOiIxIn0=",
          "dependencies": [
            "module.vpc.aws_vpc.custom_vpc"
          ]
        }
      ]
    },
    {
      "module": "module.security",
      "mode": "managed",
      "type": "aws_security_group",
      "name": "C-VPC-Bastion-sg",
      "provider": "provider[\"registry.terraform.io/hashicorp/aws\"]",
      "instances": [
        {
          "schema_version": 1,
          "attributes": {
            "arn": "arn:aws:ec2:us-east-1:415851144899:security-group/sg-0b5804a3ab67662b5",
            "description": "Managed by Terraform",
            "egress": [
              {
                "cidr_blocks": [
                  "0.0.0.0/0"
                ],
                "description": "",
                "from_port": 0,
                "ipv6_cidr_blocks": [
                  "::/0"
                ],
                "prefix_list_ids": [],
                "protocol": "-1",
                "security_groups": [],
                "self": false,
                "to_port": 0
              }
            ],
            "id": "sg-0b5804a3ab67662b5",
            "ingress": [
              {
                "cidr_blocks": [
                  "0.0.0.0/0"
                ],
                "description": "",
                "from_port": 22,
                "ipv6_cidr_blocks": [],
                "prefix_list_ids": [],
                "protocol": "tcp",
                "security_groups": [],
                "self": false,
                "to_port": 22
              },
              {
                "cidr_blocks": [
                  "0.0.0.0/0"
                ],
                "description": "",
                "from_port": 80,
                "ipv6_cidr_blocks": [],
                "prefix_list_ids": [],
                "protocol": "tcp",
                "security_groups": [],
                "self": false,
                "to_port": 80
              }
            ],
            "name": "Custom-VPC-Bastion-sg",
            "name_prefix": "",
            "owner_id": "415851144899",
            "revoke_rules_on_delete": false,
            "tags": {},
            "tags_all": {},
            "timeouts": null,
            "vpc_id": "vpc-0516b4b4f68145ec8"
          },
          "sensitive_attributes": [],
          "identity_schema_version": 0,
          "private": "eyJlMmJmYjczMC1lY2FhLTExZTYtOGY4OC0zNDM2M2JjN2M0YzAiOnsiY3JlYXRlIjo2MDAwMDAwMDAwMDAsImRlbGV0ZSI6OTAwMDAwMDAwMDAwfSwic2NoZW1hX3ZlcnNpb24iOiIxIn0=",
          "dependencies": [
            "module.vpc.aws_vpc.custom_vpc"
          ]
        }
      ]
    },
    {
      "module": "module.security",
      "mode": "managed",
      "type": "aws_security_group",
      "name": "C-VPC-Web-sg",
      "provider": "provider[\"registry.terraform.io/hashicorp/aws\"]",
      "instances": [
        {
          "schema_version": 1,
          "attributes": {
            "arn": "arn:aws:ec2:us-east-1:415851144899:security-group/sg-00d76847b2891fa81",
            "description": "Managed by Terraform",
            "egress": [
              {
                "cidr_blocks": [
                  "0.0.0.0/0"
                ],
                "description": "",
                "from_port": 0,
                "ipv6_cidr_blocks": [
                  "::/0"
                ],
                "prefix_list_ids": [],
                "protocol": "-1",
                "security_groups": [],
                "self": false,
                "to_port": 0
              }
            ],
            "id": "sg-00d76847b2891fa81",
            "ingress": [
              {
                "cidr_blocks": [
                  "0.0.0.0/0"
                ],
                "description": null,
                "from_port": 22,
                "ipv6_cidr_blocks": [],
                "prefix_list_ids": [],
                "protocol": "tcp",
                "security_groups": [],
                "self": false,
                "to_port": 22
              }
            ],
            "name": "Custom-VPC-Web-sg",
            "name_prefix": "",
            "owner_id": "415851144899",
            "revoke_rules_on_delete": false,
            "tags": {},
            "tags_all": {},
            "timeouts": null,
            "vpc_id": "vpc-0516b4b4f68145ec8"
          },
          "sensitive_attributes": [],
          "identity_schema_version": 0,
          "private": "eyJlMmJmYjczMC1lY2FhLTExZTYtOGY4OC0zNDM2M2JjN2M0YzAiOnsiY3JlYXRlIjo2MDAwMDAwMDAwMDAsImRlbGV0ZSI6OTAwMDAwMDAwMDAwfSwic2NoZW1hX3ZlcnNpb24iOiIxIn0=",
          "dependencies": [
            "module.vpc.aws_vpc.custom_vpc"
          ]
        }
      ]
    },
    {
      "module": "module.security",
      "mode": "managed",
      "type": "aws_security_group",
      "name": "C-VPC-app-sg",
      "provider": "provider[\"registry.terraform.io/hashicorp/aws\"]",
      "instances": [
        {
          "schema_version": 1,
          "attributes": {
            "arn": "arn:aws:ec2:us-east-1:415851144899:security-group/sg-04034ce21ced95edc",
            "description": "Managed by Terraform",
            "egress": [
              {
                "cidr_blocks": [
                  "0.0.0.0/0"
                ],
                "description": "",
                "from_port": 0,
                "ipv6_cidr_blocks": [
                  "::/0"
                ],
                "prefix_list_ids": [],
                "protocol": "-1",
                "security_groups": [],
                "self": false,
                "to_port": 0
              }
            ],
            "id": "sg-04034ce21ced95edc",
            "ingress": [
              {
                "cidr_blocks": [
                  "0.0.0.0/0"
                ],
                "description": null,
                "from_port": 22,
                "ipv6_cidr_blocks": [],
                "prefix_list_ids": [],
                "protocol": "tcp",
                "security_groups": [],
                "self": false,
                "to_port": 22
              }
            ],
            "name": "Custom-vpc-app-sg",
            "name_prefix": "",
            "owner_id": "415851144899",
            "revoke_rules_on_delete": false,
            "tags": {},
            "tags_all": {},
            "timeouts": null,
            "vpc_id": "vpc-0516b4b4f68145ec8"
          },
          "sensitive_attributes": [],
          "identity_schema_version": 0,
          "private": "eyJlMmJmYjczMC1lY2FhLTExZTYtOGY4OC0zNDM2M2JjN2M0YzAiOnsiY3JlYXRlIjo2MDAwMDAwMDAwMDAsImRlbGV0ZSI6OTAwMDAwMDAwMDAwfSwic2NoZW1hX3ZlcnNpb24iOiIxIn0=",
          "dependencies": [
            "module.vpc.aws_vpc.custom_vpc"
          ]
        }
      ]
    },
    {
      "module": "module.security",
      "mode": "managed",
      "type": "aws_security_group",
      "name": "C-VPC-db-sg",
      "provider": "provider[\"registry.terraform.io/hashicorp/aws\"]",
      "instances": [
        {
          "schema_version": 1,
          "attributes": {
            "arn": "arn:aws:ec2:us-east-1:415851144899:security-group/sg-0bef11172d9883a7a",
            "description": "Managed by Terraform",
            "egress": [
              {
                "cidr_blocks": [
                  "0.0.0.0/0"
                ],
                "description": "",
                "from_port": 0,
                "ipv6_cidr_blocks": [
                  "::/0"
                ],
                "prefix_list_ids": [],
                "protocol": "-1",
                "security_groups": [],
                "self": false,
                "to_port": 0
              }
            ],
            "id": "sg-0bef11172d9883a7a",
            "ingress": [
              {
                "cidr_blocks": [],
                "description": "",
                "from_port": 3306,
                "ipv6_cidr_blocks": [],
                "prefix_list_ids": [],
                "protocol": "tcp",
                "security_groups": [
                  "sg-04034ce21ced95edc"
                ],
                "self": false,
                "to_port": 3306
              }
            ],
            "name": "Custom-vpc-db-sg",
            "name_prefix": "",
            "owner_id": "415851144899",
            "revoke_rules_on_delete": false,
            "tags": {},
            "tags_all": {},
            "timeouts": null,
            "vpc_id": "vpc-0516b4b4f68145ec8"
          },
          "sensitive_attributes": [],
          "identity_schema_version": 0,
          "private": "eyJlMmJmYjczMC1lY2FhLTExZTYtOGY4OC0zNDM2M2JjN2M0YzAiOnsiY3JlYXRlIjo2MDAwMDAwMDAwMDAsImRlbGV0ZSI6OTAwMDAwMDAwMDAwfSwic2NoZW1hX3ZlcnNpb24iOiIxIn0=",
          "dependencies": [
            "module.vpc.aws_vpc.custom_vpc"
          ]
        }
      ]
    },
    {
      "module": "module.security",
      "mode": "managed",
      "type": "aws_security_group_rule",
      "name": "allow_http_from_lb_to_web",
      "provider": "provider[\"registry.terraform.io/hashicorp/aws\"]",
      "instances": [
        {
          "schema_version": 2,
          "attributes": {
            "cidr_blocks": null,
            "description": null,
            "from_port": 80,
            "id": "sgrule-3372619581",
            "ipv6_cidr_blocks": null,
            "prefix_list_ids": null,
            "protocol": "tcp",
            "security_group_id": "sg-00d76847b2891fa81",
            "security_group_rule_id": "sgr-0044ddf11be6016cb",
            "self": false,
            "source_security_group_id": "sg-04f13042afbf1846f",
            "timeouts": null,
            "to_port": 80,
            "type": "ingress"
          },
          "sensitive_attributes": [],
          "identity_schema_version": 0,
          "private": "eyJlMmJmYjczMC1lY2FhLTExZTYtOGY4OC0zNDM2M2JjN2M0YzAiOnsiY3JlYXRlIjozMDAwMDAwMDAwMDB9LCJzY2hlbWFfdmVyc2lvbiI6IjIifQ==",
          "dependencies": [
            "module.security.aws_security_group.C-VPC-ALB-sg",
            "module.security.aws_security_group.C-VPC-Web-sg",
            "module.vpc.aws_vpc.custom_vpc"
          ]
        }
      ]
    },
    {
      "module": "module.security",
      "mode": "managed",
      "type": "aws_security_group_rule",
      "name": "allow_http_from_web_to_app",
      "provider": "provider[\"registry.terraform.io/hashicorp/aws\"]",
      "instances": [
        {
          "schema_version": 2,
          "attributes": {
            "cidr_blocks": null,
            "description": null,
            "from_port": 80,
            "id": "sgrule-2218000298",
            "ipv6_cidr_blocks": null,
            "prefix_list_ids": null,
            "protocol": "tcp",
            "security_group_id": "sg-04034ce21ced95edc",
            "security_group_rule_id": "sgr-024269f00cc001b89",
            "self": false,
            "source_security_group_id": "sg-00d76847b2891fa81",
            "timeouts": null,
            "to_port": 80,
            "type": "ingress"
          },
          "sensitive_attributes": [],
          "identity_schema_version": 0,
          "private": "eyJlMmJmYjczMC1lY2FhLTExZTYtOGY4OC0zNDM2M2JjN2M0YzAiOnsiY3JlYXRlIjozMDAwMDAwMDAwMDB9LCJzY2hlbWFfdmVyc2lvbiI6IjIifQ==",
          "dependencies": [
            "module.security.aws_security_group.C-VPC-Web-sg",
            "module.security.aws_security_group.C-VPC-app-sg",
            "module.vpc.aws_vpc.custom_vpc"
          ]
        }
      ]
    },
    {
      "module": "module.security",
      "mode": "managed",
      "type": "aws_security_group_rule",
      "name": "allow_mysql_from_app_to_rds",
      "provider": "provider[\"registry.terraform.io/hashicorp/aws\"]",
      "instances": [
        {
          "schema_version": 2,
          "attributes": {
            "cidr_blocks": null,
            "description": null,
            "from_port": 3306,
            "id": "sgrule-3691912703",
            "ipv6_cidr_blocks": null,
            "prefix_list_ids": null,
            "protocol": "tcp",
            "security_group_id": "sg-0bef11172d9883a7a",
            "security_group_rule_id": "sgr-069dba079c5e293fd",
            "self": false,
            "source_security_group_id": "sg-04034ce21ced95edc",
            "timeouts": null,
            "to_port": 3306,
            "type": "ingress"
          },
          "sensitive_attributes": [],
          "identity_schema_version": 0,
          "private": "eyJlMmJmYjczMC1lY2FhLTExZTYtOGY4OC0zNDM2M2JjN2M0YzAiOnsiY3JlYXRlIjozMDAwMDAwMDAwMDB9LCJzY2hlbWFfdmVyc2lvbiI6IjIifQ==",
          "dependencies": [
            "module.security.aws_security_group.C-VPC-app-sg",
            "module.security.aws_security_group.C-VPC-db-sg",
            "module.vpc.aws_vpc.custom_vpc"
          ]
        }
      ]
    },
    {
      "module": "module.vpc",
      "mode": "managed",
      "type": "aws_db_subnet_group",
      "name": "default",
      "provider": "provider[\"registry.terraform.io/hashicorp/aws\"]",
      "instances": [
        {
          "schema_version": 0,
          "attributes": {
            "arn": "arn:aws:rds:us-east-1:415851144899:subgrp:db-subnet-group",
            "description": "Managed by Terraform",
            "id": "db-subnet-group",
            "name": "db-subnet-group",
            "name_prefix": "",
            "subnet_ids": [
              "subnet-09631f7067cf120c1",
              "subnet-0ac9725ba98109652"
            ],
            "supported_network_types": [
              "IPV4"
            ],
            "tags": {
              "Name": "My DB subnet group"
            },
            "tags_all": {
              "Name": "My DB subnet group"
            },
            "vpc_id": "vpc-0516b4b4f68145ec8"
          },
          "sensitive_attributes": [],
          "identity_schema_version": 0,
          "private": "bnVsbA==",
          "dependencies": [
            "module.vpc.aws_subnet.appsubnet",
            "module.vpc.aws_subnet.dbsubnet",
            "module.vpc.aws_vpc.custom_vpc"
          ]
        }
      ]
    },
    {
      "module": "module.vpc",
      "mode": "managed",
      "type": "aws_eip",
      "name": "nat_eip",
      "provider": "provider[\"registry.terraform.io/hashicorp/aws\"]",
      "instances": [
        {
          "schema_version": 0,
          "attributes": {
            "address": null,
            "allocation_id": "eipalloc-07eb9ba708daf72fa",
            "arn": "arn:aws:ec2:us-east-1:415851144899:elastic-ip/eipalloc-07eb9ba708daf72fa",
            "associate_with_private_ip": null,
            "association_id": "eipassoc-02bd972c0be93f7ce",
            "carrier_ip": "",
            "customer_owned_ip": "",
            "customer_owned_ipv4_pool": "",
            "domain": "vpc",
            "id": "eipalloc-07eb9ba708daf72fa",
            "instance": "",
            "ipam_pool_id": null,
            "network_border_group": "us-east-1",
            "network_interface": "eni-03d94bcc3c8397012",
            "private_dns": "ip-10-0-3-72.ec2.internal",
            "private_ip": "10.0.3.72",
            "ptr_record": "",
            "public_dns": "ec2-54-227-173-16.compute-1.amazonaws.com",
            "public_ip": "54.227.173.16",
            "public_ipv4_pool": "amazon",
            "tags": {
              "Name": "nat-eip"
            },
            "tags_all": {
              "Name": "nat-eip"
            },
            "timeouts": null,
            "vpc": true
          },
          "sensitive_attributes": [],
          "identity_schema_version": 0,
          "private": "eyJlMmJmYjczMC1lY2FhLTExZTYtOGY4OC0zNDM2M2JjN2M0YzAiOnsiZGVsZXRlIjoxODAwMDAwMDAwMDAsInJlYWQiOjkwMDAwMDAwMDAwMCwidXBkYXRlIjozMDAwMDAwMDAwMDB9fQ=="
        }
      ]
    },
    {
      "module": "module.vpc",
      "mode": "managed",
      "type": "aws_internet_gateway",
      "name": "myigw",
      "provider": "provider[\"registry.terraform.io/hashicorp/aws\"]",
      "instances": [
        {
          "schema_version": 0,
          "attributes": {
            "arn": "arn:aws:ec2:us-east-1:415851144899:internet-gateway/igw-0f30f34026939bdfd",
            "id": "igw-0f30f34026939bdfd",
            "owner_id": "415851144899",
            "tags": {
              "Name": "myigw"
            },
            "tags_all": {
              "Name": "myigw"
            },
            "timeouts": null,
            "vpc_id": "vpc-0516b4b4f68145ec8"
          },
          "sensitive_attributes": [],
          "identity_schema_version": 0,
          "private": "eyJlMmJmYjczMC1lY2FhLTExZTYtOGY4OC0zNDM2M2JjN2M0YzAiOnsiY3JlYXRlIjoxMjAwMDAwMDAwMDAwLCJkZWxldGUiOjEyMDAwMDAwMDAwMDAsInVwZGF0ZSI6MTIwMDAwMDAwMDAwMH19",
          "dependencies": [
            "module.vpc.aws_vpc.custom_vpc"
          ]
        }
      ]
    },
    {
      "module": "module.vpc",
      "mode": "managed",
      "type": "aws_lb",
      "name": "internet_lb",
      "provider": "provider[\"registry.terraform.io/hashicorp/aws\"]",
      "instances": [
        {
          "schema_version": 0,
          "attributes": {
            "access_logs": [
              {
                "bucket": "",
                "enabled": false,
                "prefix": ""
              }
            ],
            "arn": "arn:aws:elasticloadbalancing:us-east-1:415851144899:loadbalancer/app/internet-lb-tf/1006c4a7fe23e97d",
            "arn_suffix": "app/internet-lb-tf/1006c4a7fe23e97d",
            "client_keep_alive": 3600,
            "connection_logs": [
              {
                "bucket": "",
                "enabled": false,
                "prefix": ""
              }
            ],
            "customer_owned_ipv4_pool": "",
            "desync_mitigation_mode": "defensive",
            "dns_name": "internet-lb-tf-894635585.us-east-1.elb.amazonaws.com",
            "dns_record_client_routing_policy": null,
            "drop_invalid_header_fields": false,
            "enable_cross_zone_load_balancing": true,
            "enable_deletion_protection": false,
            "enable_http2": true,
            "enable_tls_version_and_cipher_suite_headers": false,
            "enable_waf_fail_open": false,
            "enable_xff_client_port": false,
            "enable_zonal_shift": false,
            "enforce_security_group_inbound_rules_on_private_link_traffic": "",
            "id": "arn:aws:elasticloadbalancing:us-east-1:415851144899:loadbalancer/app/internet-lb-tf/1006c4a7fe23e97d",
            "idle_timeout": 60,
            "internal": false,
            "ip_address_type": "ipv4",
            "ipam_pools": [],
            "load_balancer_type": "application",
            "minimum_load_balancer_capacity": [],
            "name": "internet-lb-tf",
            "name_prefix": "",
            "preserve_host_header": false,
            "security_groups": [
              "sg-04f13042afbf1846f"
            ],
            "subnet_mapping": [
              {
                "allocation_id": "",
                "ipv6_address": "",
                "outpost_id": "",
                "private_ipv4_address": "",
                "subnet_id": "subnet-06c2dd7242476d831"
              },
              {
                "allocation_id": "",
                "ipv6_address": "",
                "outpost_id": "",
                "private_ipv4_address": "",
                "subnet_id": "subnet-075cf65d6e5b3ff7e"
              }
            ],
            "subnets": [
              "subnet-06c2dd7242476d831",
              "subnet-075cf65d6e5b3ff7e"
            ],
            "tags": {},
            "tags_all": {},
            "timeouts": null,
            "vpc_id": "vpc-0516b4b4f68145ec8",
            "xff_header_processing_mode": "append",
            "zone_id": "Z35SXDOTRQ7X7K"
          },
          "sensitive_attributes": [],
          "identity_schema_version": 0,
          "private": "eyJlMmJmYjczMC1lY2FhLTExZTYtOGY4OC0zNDM2M2JjN2M0YzAiOnsiY3JlYXRlIjo2MDAwMDAwMDAwMDAsImRlbGV0ZSI6NjAwMDAwMDAwMDAwLCJ1cGRhdGUiOjYwMDAwMDAwMDAwMH19",
          "dependencies": [
            "module.security.aws_security_group.C-VPC-ALB-sg",
            "module.vpc.aws_subnet.albsubnet",
            "module.vpc.aws_subnet.albsubnet2",
            "module.vpc.aws_vpc.custom_vpc"
          ]
        }
      ]
    },
    {
      "module": "module.vpc",
      "mode": "managed",
      "type": "aws_lb_target_group",
      "name": "Internet_TarGrp",
      "provider": "provider[\"registry.terraform.io/hashicorp/aws\"]",
      "instances": [
        {
          "schema_version": 0,
          "attributes": {
            "arn": "arn:aws:elasticloadbalancing:us-east-1:415851144899:targetgroup/internet-lb-tg/87bb3f188f0ff67f",
            "arn_suffix": "targetgroup/internet-lb-tg/87bb3f188f0ff67f",
            "connection_termination": null,
            "deregistration_delay": "300",
            "health_check": [
              {
                "enabled": true,
                "healthy_threshold": 5,
                "interval": 30,
                "matcher": "200",
                "path": "/",
                "port": "traffic-port",
                "protocol": "HTTP",
                "timeout": 5,
                "unhealthy_threshold": 2
              }
            ],
            "id": "arn:aws:elasticloadbalancing:us-east-1:415851144899:targetgroup/internet-lb-tg/87bb3f188f0ff67f",
            "ip_address_type": "ipv4",
            "lambda_multi_value_headers_enabled": false,
            "load_balancer_arns": [
              "arn:aws:elasticloadbalancing:us-east-1:415851144899:loadbalancer/app/internet-lb-tf/1006c4a7fe23e97d"
            ],
            "load_balancing_algorithm_type": "round_robin",
            "load_balancing_anomaly_mitigation": "off",
            "load_balancing_cross_zone_enabled": "use_load_balancer_configuration",
            "name": "internet-lb-tg",
            "name_prefix": "",
            "port": 80,
            "preserve_client_ip": null,
            "protocol": "HTTP",
            "protocol_version": "HTTP1",
            "proxy_protocol_v2": false,
            "slow_start": 0,
            "stickiness": [
              {
                "cookie_duration": 86400,
                "cookie_name": "",
                "enabled": false,
                "type": "lb_cookie"
              }
            ],
            "tags": {},
            "tags_all": {},
            "target_failover": [
              {
                "on_deregistration": null,
                "on_unhealthy": null
              }
            ],
            "target_group_health": [
              {
                "dns_failover": [
                  {
                    "minimum_healthy_targets_count": "1",
                    "minimum_healthy_targets_percentage": "off"
                  }
                ],
                "unhealthy_state_routing": [
                  {
                    "minimum_healthy_targets_count": 1,
                    "minimum_healthy_targets_percentage": "off"
                  }
                ]
              }
            ],
            "target_health_state": [
              {
                "enable_unhealthy_connection_termination": null,
                "unhealthy_draining_interval": null
              }
            ],
            "target_type": "instance",
            "vpc_id": "vpc-0516b4b4f68145ec8"
          },
          "sensitive_attributes": [],
          "identity_schema_version": 0,
          "private": "bnVsbA==",
          "dependencies": [
            "module.vpc.aws_vpc.custom_vpc"
          ]
        }
      ]
    },
    {
      "module": "module.vpc",
      "mode": "managed",
      "type": "aws_nat_gateway",
      "name": "nat",
      "provider": "provider[\"registry.terraform.io/hashicorp/aws\"]",
      "instances": [
        {
          "schema_version": 0,
          "attributes": {
            "allocation_id": "eipalloc-07eb9ba708daf72fa",
            "association_id": "eipassoc-02bd972c0be93f7ce",
            "connectivity_type": "public",
            "id": "nat-0f6943ff27fe7b825",
            "network_interface_id": "eni-03d94bcc3c8397012",
            "private_ip": "10.0.3.72",
            "public_ip": "54.227.173.16",
            "secondary_allocation_ids": [],
            "secondary_private_ip_address_count": 0,
            "secondary_private_ip_addresses": [],
            "subnet_id": "subnet-0452c60bd18942d97",
            "tags": {
              "Name": "nat-gateway"
            },
            "tags_all": {
              "Name": "nat-gateway"
            },
            "timeouts": null
          },
          "sensitive_attributes": [],
          "identity_schema_version": 0,
          "private": "eyJlMmJmYjczMC1lY2FhLTExZTYtOGY4OC0zNDM2M2JjN2M0YzAiOnsiY3JlYXRlIjo2MDAwMDAwMDAwMDAsImRlbGV0ZSI6MTgwMDAwMDAwMDAwMCwidXBkYXRlIjo2MDAwMDAwMDAwMDB9fQ==",
          "dependencies": [
            "module.vpc.aws_eip.nat_eip",
            "module.vpc.aws_subnet.websubnet",
            "module.vpc.aws_vpc.custom_vpc"
          ]
        }
      ]
    },
    {
      "module": "module.vpc",
      "mode": "managed",
      "type": "aws_route_table",
      "name": "private-rt",
      "provider": "provider[\"registry.terraform.io/hashicorp/aws\"]",
      "instances": [
        {
          "schema_version": 0,
          "attributes": {
            "arn": "arn:aws:ec2:us-east-1:415851144899:route-table/rtb-047a9583dddbf09e4",
            "id": "rtb-047a9583dddbf09e4",
            "owner_id": "415851144899",
            "propagating_vgws": [],
            "route": [
              {
                "carrier_gateway_id": "",
                "cidr_block": "0.0.0.0/0",
                "core_network_arn": "",
                "destination_prefix_list_id": "",
                "egress_only_gateway_id": "",
                "gateway_id": "",
                "ipv6_cidr_block": "",
                "local_gateway_id": "",
                "nat_gateway_id": "nat-0f6943ff27fe7b825",
                "network_interface_id": "",
                "transit_gateway_id": "",
                "vpc_endpoint_id": "",
                "vpc_peering_connection_id": ""
              }
            ],
            "tags": {
              "Name": "Cus_vpc-Pvt_rt"
            },
            "tags_all": {
              "Name": "Cus_vpc-Pvt_rt"
            },
            "timeouts": null,
            "vpc_id": "vpc-0516b4b4f68145ec8"
          },
          "sensitive_attributes": [],
          "identity_schema_version": 0,
          "private": "eyJlMmJmYjczMC1lY2FhLTExZTYtOGY4OC0zNDM2M2JjN2M0YzAiOnsiY3JlYXRlIjozMDAwMDAwMDAwMDAsImRlbGV0ZSI6MzAwMDAwMDAwMDAwLCJ1cGRhdGUiOjEyMDAwMDAwMDAwMH19",
          "dependencies": [
            "module.vpc.aws_eip.nat_eip",
            "module.vpc.aws_nat_gateway.nat",
            "module.vpc.aws_subnet.websubnet",
            "module.vpc.aws_vpc.custom_vpc"
          ]
        }
      ]
    },
    {
      "module": "module.vpc",
      "mode": "managed",
      "type": "aws_route_table",
      "name": "public-rt",
      "provider": "provider[\"registry.terraform.io/hashicorp/aws\"]",
      "instances": [
        {
          "schema_version": 0,
          "attributes": {
            "arn": "arn:aws:ec2:us-east-1:415851144899:route-table/rtb-05c321ee99748e7b2",
            "id": "rtb-05c321ee99748e7b2",
            "owner_id": "415851144899",
            "propagating_vgws": [],
            "route": [
              {
                "carrier_gateway_id": "",
                "cidr_block": "0.0.0.0/0",
                "core_network_arn": "",
                "destination_prefix_list_id": "",
                "egress_only_gateway_id": "",
                "gateway_id": "igw-0f30f34026939bdfd",
                "ipv6_cidr_block": "",
                "local_gateway_id": "",
                "nat_gateway_id": "",
                "network_interface_id": "",
                "transit_gateway_id": "",
                "vpc_endpoint_id": "",
                "vpc_peering_connection_id": ""
              }
            ],
            "tags": {
              "Name": "Cus_vpc-Pub_rt"
            },
            "tags_all": {
              "Name": "Cus_vpc-Pub_rt"
            },
            "timeouts": null,
            "vpc_id": "vpc-0516b4b4f68145ec8"
          },
          "sensitive_attributes": [],
          "identity_schema_version": 0,
          "private": "eyJlMmJmYjczMC1lY2FhLTExZTYtOGY4OC0zNDM2M2JjN2M0YzAiOnsiY3JlYXRlIjozMDAwMDAwMDAwMDAsImRlbGV0ZSI6MzAwMDAwMDAwMDAwLCJ1cGRhdGUiOjEyMDAwMDAwMDAwMH19",
          "dependencies": [
            "module.vpc.aws_internet_gateway.myigw",
            "module.vpc.aws_vpc.custom_vpc"
          ]
        }
      ]
    },
    {
      "module": "module.vpc",
      "mode": "managed",
      "type": "aws_route_table_association",
      "name": "albsubnet",
      "provider": "provider[\"registry.terraform.io/hashicorp/aws\"]",
      "instances": [
        {
          "schema_version": 0,
          "attributes": {
            "gateway_id": "",
            "id": "rtbassoc-0f4d483e368a38f13",
            "route_table_id": "rtb-05c321ee99748e7b2",
            "subnet_id": "subnet-075cf65d6e5b3ff7e",
            "timeouts": null
          },
          "sensitive_attributes": [],
          "identity_schema_version": 0,
          "private": "eyJlMmJmYjczMC1lY2FhLTExZTYtOGY4OC0zNDM2M2JjN2M0YzAiOnsiY3JlYXRlIjozMDAwMDAwMDAwMDAsImRlbGV0ZSI6MzAwMDAwMDAwMDAwLCJ1cGRhdGUiOjEyMDAwMDAwMDAwMH19",
          "dependencies": [
            "module.vpc.aws_internet_gateway.myigw",
            "module.vpc.aws_route_table.public-rt",
            "module.vpc.aws_subnet.albsubnet",
            "module.vpc.aws_vpc.custom_vpc"
          ]
        }
      ]
    },
    {
      "module": "module.vpc",
      "mode": "managed",
      "type": "aws_route_table_association",
      "name": "app-pvt-rt",
      "provider": "provider[\"registry.terraform.io/hashicorp/aws\"]",
      "instances": [
        {
          "schema_version": 0,
          "attributes": {
            "gateway_id": "",
            "id": "rtbassoc-0a37766ff14762610",
            "route_table_id": "rtb-047a9583dddbf09e4",
            "subnet_id": "subnet-09631f7067cf120c1",
            "timeouts": null
          },
          "sensitive_attributes": [],
          "identity_schema_version": 0,
          "private": "eyJlMmJmYjczMC1lY2FhLTExZTYtOGY4OC0zNDM2M2JjN2M0YzAiOnsiY3JlYXRlIjozMDAwMDAwMDAwMDAsImRlbGV0ZSI6MzAwMDAwMDAwMDAwLCJ1cGRhdGUiOjEyMDAwMDAwMDAwMH19",
          "dependencies": [
            "module.vpc.aws_eip.nat_eip",
            "module.vpc.aws_nat_gateway.nat",
            "module.vpc.aws_route_table.private-rt",
            "module.vpc.aws_subnet.appsubnet",
            "module.vpc.aws_subnet.websubnet",
            "module.vpc.aws_vpc.custom_vpc"
          ]
        }
      ]
    },
    {
      "module": "module.vpc",
      "mode": "managed",
      "type": "aws_route_table_association",
      "name": "db-pvt-rt",
      "provider": "provider[\"registry.terraform.io/hashicorp/aws\"]",
      "instances": [
        {
          "schema_version": 0,
          "attributes": {
            "gateway_id": "",
            "id": "rtbassoc-0ee370cce1cabd72f",
            "route_table_id": "rtb-047a9583dddbf09e4",
            "subnet_id": "subnet-0ac9725ba98109652",
            "timeouts": null
          },
          "sensitive_attributes": [],
          "identity_schema_version": 0,
          "private": "eyJlMmJmYjczMC1lY2FhLTExZTYtOGY4OC0zNDM2M2JjN2M0YzAiOnsiY3JlYXRlIjozMDAwMDAwMDAwMDAsImRlbGV0ZSI6MzAwMDAwMDAwMDAwLCJ1cGRhdGUiOjEyMDAwMDAwMDAwMH19",
          "dependencies": [
            "module.vpc.aws_eip.nat_eip",
            "module.vpc.aws_nat_gateway.nat",
            "module.vpc.aws_route_table.private-rt",
            "module.vpc.aws_subnet.dbsubnet",
            "module.vpc.aws_subnet.websubnet",
            "module.vpc.aws_vpc.custom_vpc"
          ]
        }
      ]
    },
    {
      "module": "module.vpc",
      "mode": "managed",
      "type": "aws_route_table_association",
      "name": "web-pub-rt",
      "provider": "provider[\"registry.terraform.io/hashicorp/aws\"]",
      "instances": [
        {
          "schema_version": 0,
          "attributes": {
            "gateway_id": "",
            "id": "rtbassoc-0e2a252ffc2b1dd1c",
            "route_table_id": "rtb-05c321ee99748e7b2",
            "subnet_id": "subnet-0452c60bd18942d97",
            "timeouts": null
          },
          "sensitive_attributes": [],
          "identity_schema_version": 0,
          "private": "eyJlMmJmYjczMC1lY2FhLTExZTYtOGY4OC0zNDM2M2JjN2M0YzAiOnsiY3JlYXRlIjozMDAwMDAwMDAwMDAsImRlbGV0ZSI6MzAwMDAwMDAwMDAwLCJ1cGRhdGUiOjEyMDAwMDAwMDAwMH19",
          "dependencies": [
            "module.vpc.aws_internet_gateway.myigw",
            "module.vpc.aws_route_table.public-rt",
            "module.vpc.aws_subnet.websubnet",
            "module.vpc.aws_vpc.custom_vpc"
          ]
        }
      ]
    },
    {
      "module": "module.vpc",
      "mode": "managed",
      "type": "aws_subnet",
      "name": "albsubnet",
      "provider": "provider[\"registry.terraform.io/hashicorp/aws\"]",
      "instances": [
        {
          "schema_version": 1,
          "attributes": {
            "arn": "arn:aws:ec2:us-east-1:415851144899:subnet/subnet-075cf65d6e5b3ff7e",
            "assign_ipv6_address_on_creation": false,
            "availability_zone": "us-east-1a",
            "availability_zone_id": "use1-az6",
            "cidr_block": "10.0.48.0/20",
            "customer_owned_ipv4_pool": "",
            "enable_dns64": false,
            "enable_lni_at_device_index": 0,
            "enable_resource_name_dns_a_record_on_launch": false,
            "enable_resource_name_dns_aaaa_record_on_launch": false,
            "id": "subnet-075cf65d6e5b3ff7e",
            "ipv6_cidr_block": "",
            "ipv6_cidr_block_association_id": "",
            "ipv6_native": false,
            "map_customer_owned_ip_on_launch": false,
            "map_public_ip_on_launch": true,
            "outpost_arn": "",
            "owner_id": "415851144899",
            "private_dns_hostname_type_on_launch": "ip-name",
            "tags": {
              "Name": "public-albsubnet"
            },
            "tags_all": {
              "Name": "public-albsubnet"
            },
            "timeouts": null,
            "vpc_id": "vpc-0516b4b4f68145ec8"
          },
          "sensitive_attributes": [],
          "identity_schema_version": 0,
          "private": "eyJlMmJmYjczMC1lY2FhLTExZTYtOGY4OC0zNDM2M2JjN2M0YzAiOnsiY3JlYXRlIjo2MDAwMDAwMDAwMDAsImRlbGV0ZSI6MTIwMDAwMDAwMDAwMH0sInNjaGVtYV92ZXJzaW9uIjoiMSJ9",
          "dependencies": [
            "module.vpc.aws_vpc.custom_vpc"
          ]
        }
      ]
    },
    {
      "module": "module.vpc",
      "mode": "managed",
      "type": "aws_subnet",
      "name": "albsubnet2",
      "provider": "provider[\"registry.terraform.io/hashicorp/aws\"]",
      "instances": [
        {
          "schema_version": 1,
          "attributes": {
            "arn": "arn:aws:ec2:us-east-1:415851144899:subnet/subnet-06c2dd7242476d831",
            "assign_ipv6_address_on_creation": false,
            "availability_zone": "us-east-1b",
            "availability_zone_id": "use1-az1",
            "cidr_block": "10.0.64.0/20",
            "customer_owned_ipv4_pool": "",
            "enable_dns64": false,
            "enable_lni_at_device_index": 0,
            "enable_resource_name_dns_a_record_on_launch": false,
            "enable_resource_name_dns_aaaa_record_on_launch": false,
            "id": "subnet-06c2dd7242476d831",
            "ipv6_cidr_block": "",
            "ipv6_cidr_block_association_id": "",
            "ipv6_native": false,
            "map_customer_owned_ip_on_launch": false,
            "map_public_ip_on_launch": true,
            "outpost_arn": "",
            "owner_id": "415851144899",
            "private_dns_hostname_type_on_launch": "ip-name",
            "tags": {
              "Name": "public-subnet"
            },
            "tags_all": {
              "Name": "public-subnet"
            },
            "timeouts": null,
            "vpc_id": "vpc-0516b4b4f68145ec8"
          },
          "sensitive_attributes": [],
          "identity_schema_version": 0,
          "private": "eyJlMmJmYjczMC1lY2FhLTExZTYtOGY4OC0zNDM2M2JjN2M0YzAiOnsiY3JlYXRlIjo2MDAwMDAwMDAwMDAsImRlbGV0ZSI6MTIwMDAwMDAwMDAwMH0sInNjaGVtYV92ZXJzaW9uIjoiMSJ9",
          "dependencies": [
            "module.vpc.aws_vpc.custom_vpc"
          ]
        }
      ]
    },
    {
      "module": "module.vpc",
      "mode": "managed",
      "type": "aws_subnet",
      "name": "appsubnet",
      "provider": "provider[\"registry.terraform.io/hashicorp/aws\"]",
      "instances": [
        {
          "schema_version": 1,
          "attributes": {
            "arn": "arn:aws:ec2:us-east-1:415851144899:subnet/subnet-09631f7067cf120c1",
            "assign_ipv6_address_on_creation": false,
            "availability_zone": "us-east-1b",
            "availability_zone_id": "use1-az1",
            "cidr_block": "10.0.16.0/20",
            "customer_owned_ipv4_pool": "",
            "enable_dns64": false,
            "enable_lni_at_device_index": 0,
            "enable_resource_name_dns_a_record_on_launch": false,
            "enable_resource_name_dns_aaaa_record_on_launch": false,
            "id": "subnet-09631f7067cf120c1",
            "ipv6_cidr_block": "",
            "ipv6_cidr_block_association_id": "",
            "ipv6_native": false,
            "map_customer_owned_ip_on_launch": false,
            "map_public_ip_on_launch": false,
            "outpost_arn": "",
            "owner_id": "415851144899",
            "private_dns_hostname_type_on_launch": "ip-name",
            "tags": {
              "Name": "app-subnet"
            },
            "tags_all": {
              "Name": "app-subnet"
            },
            "timeouts": null,
            "vpc_id": "vpc-0516b4b4f68145ec8"
          },
          "sensitive_attributes": [],
          "identity_schema_version": 0,
          "private": "eyJlMmJmYjczMC1lY2FhLTExZTYtOGY4OC0zNDM2M2JjN2M0YzAiOnsiY3JlYXRlIjo2MDAwMDAwMDAwMDAsImRlbGV0ZSI6MTIwMDAwMDAwMDAwMH0sInNjaGVtYV92ZXJzaW9uIjoiMSJ9",
          "dependencies": [
            "module.vpc.aws_vpc.custom_vpc"
          ]
        }
      ]
    },
    {
      "module": "module.vpc",
      "mode": "managed",
      "type": "aws_subnet",
      "name": "dbsubnet",
      "provider": "provider[\"registry.terraform.io/hashicorp/aws\"]",
      "instances": [
        {
          "schema_version": 1,
          "attributes": {
            "arn": "arn:aws:ec2:us-east-1:415851144899:subnet/subnet-0ac9725ba98109652",
            "assign_ipv6_address_on_creation": false,
            "availability_zone": "us-east-1c",
            "availability_zone_id": "use1-az2",
            "cidr_block": "10.0.32.0/20",
            "customer_owned_ipv4_pool": "",
            "enable_dns64": false,
            "enable_lni_at_device_index": 0,
            "enable_resource_name_dns_a_record_on_launch": false,
            "enable_resource_name_dns_aaaa_record_on_launch": false,
            "id": "subnet-0ac9725ba98109652",
            "ipv6_cidr_block": "",
            "ipv6_cidr_block_association_id": "",
            "ipv6_native": false,
            "map_customer_owned_ip_on_launch": false,
            "map_public_ip_on_launch": false,
            "outpost_arn": "",
            "owner_id": "415851144899",
            "private_dns_hostname_type_on_launch": "ip-name",
            "tags": {
              "Name": "DB-subnet"
            },
            "tags_all": {
              "Name": "DB-subnet"
            },
            "timeouts": null,
            "vpc_id": "vpc-0516b4b4f68145ec8"
          },
          "sensitive_attributes": [],
          "identity_schema_version": 0,
          "private": "eyJlMmJmYjczMC1lY2FhLTExZTYtOGY4OC0zNDM2M2JjN2M0YzAiOnsiY3JlYXRlIjo2MDAwMDAwMDAwMDAsImRlbGV0ZSI6MTIwMDAwMDAwMDAwMH0sInNjaGVtYV92ZXJzaW9uIjoiMSJ9",
          "dependencies": [
            "module.vpc.aws_vpc.custom_vpc"
          ]
        }
      ]
    },
    {
      "module": "module.vpc",
      "mode": "managed",
      "type": "aws_subnet",
      "name": "websubnet",
      "provider": "provider[\"registry.terraform.io/hashicorp/aws\"]",
      "instances": [
        {
          "schema_version": 1,
          "attributes": {
            "arn": "arn:aws:ec2:us-east-1:415851144899:subnet/subnet-0452c60bd18942d97",
            "assign_ipv6_address_on_creation": false,
            "availability_zone": "us-east-1a",
            "availability_zone_id": "use1-az6",
            "cidr_block": "10.0.0.0/20",
            "customer_owned_ipv4_pool": "",
            "enable_dns64": false,
            "enable_lni_at_device_index": 0,
            "enable_resource_name_dns_a_record_on_launch": false,
            "enable_resource_name_dns_aaaa_record_on_launch": false,
            "id": "subnet-0452c60bd18942d97",
            "ipv6_cidr_block": "",
            "ipv6_cidr_block_association_id": "",
            "ipv6_native": false,
            "map_customer_owned_ip_on_launch": false,
            "map_public_ip_on_launch": true,
            "outpost_arn": "",
            "owner_id": "415851144899",
            "private_dns_hostname_type_on_launch": "ip-name",
            "tags": {
              "Name": "web-subnet"
            },
            "tags_all": {
              "Name": "web-subnet"
            },
            "timeouts": null,
            "vpc_id": "vpc-0516b4b4f68145ec8"
          },
          "sensitive_attributes": [],
          "identity_schema_version": 0,
          "private": "eyJlMmJmYjczMC1lY2FhLTExZTYtOGY4OC0zNDM2M2JjN2M0YzAiOnsiY3JlYXRlIjo2MDAwMDAwMDAwMDAsImRlbGV0ZSI6MTIwMDAwMDAwMDAwMH0sInNjaGVtYV92ZXJzaW9uIjoiMSJ9",
          "dependencies": [
            "module.vpc.aws_vpc.custom_vpc"
          ]
        }
      ]
    },
    {
      "module": "module.vpc",
      "mode": "managed",
      "type": "aws_vpc",
      "name": "custom_vpc",
      "provider": "provider[\"registry.terraform.io/hashicorp/aws\"]",
      "instances": [
        {
          "schema_version": 1,
          "attributes": {
            "arn": "arn:aws:ec2:us-east-1:415851144899:vpc/vpc-0516b4b4f68145ec8",
            "assign_generated_ipv6_cidr_block": false,
            "cidr_block": "10.0.0.0/16",
            "default_network_acl_id": "acl-013591e7c64fd1a8d",
            "default_route_table_id": "rtb-0c4f2d613a8b724e5",
            "default_security_group_id": "sg-006109948a748d78b",
            "dhcp_options_id": "dopt-095826558cfd0ca27",
            "enable_dns_hostnames": false,
            "enable_dns_support": true,
            "enable_network_address_usage_metrics": false,
            "id": "vpc-0516b4b4f68145ec8",
            "instance_tenancy": "default",
            "ipv4_ipam_pool_id": null,
            "ipv4_netmask_length": null,
            "ipv6_association_id": "",
            "ipv6_cidr_block": "",
            "ipv6_cidr_block_network_border_group": "",
            "ipv6_ipam_pool_id": "",
            "ipv6_netmask_length": 0,
            "main_route_table_id": "rtb-0c4f2d613a8b724e5",
            "owner_id": "415851144899",
            "tags": {
              "Name": "custom vpc"
            },
            "tags_all": {
              "Name": "custom vpc"
            }
          },
          "sensitive_attributes": [],
          "identity_schema_version": 0,
          "private": "eyJzY2hlbWFfdmVyc2lvbiI6IjEifQ=="
        }
      ]
    },
    {
      "module": "module.web",
      "mode": "managed",
      "type": "aws_instance",
      "name": "web_server",
      "provider": "provider[\"registry.terraform.io/hashicorp/aws\"]",
      "instances": [
        {
          "schema_version": 1,
          "attributes": {
            "ami": "ami-084568db4383264d4",
            "arn": "arn:aws:ec2:us-east-1:415851144899:instance/i-0e866c2ce6ff8f742",
            "associate_public_ip_address": true,
            "availability_zone": "us-east-1a",
            "capacity_reservation_specification": [
              {
                "capacity_reservation_preference": "open",
                "capacity_reservation_target": []
              }
            ],
            "cpu_core_count": 1,
            "cpu_options": [
              {
                "amd_sev_snp": "",
                "core_count": 1,
                "threads_per_core": 1
              }
            ],
            "cpu_threads_per_core": 1,
            "credit_specification": [
              {
                "cpu_credits": "standard"
              }
            ],
            "disable_api_stop": false,
            "disable_api_termination": false,
            "ebs_block_device": [],
            "ebs_optimized": false,
            "enable_primary_ipv6": null,
            "enclave_options": [
              {
                "enabled": false
              }
            ],
            "ephemeral_block_device": [],
            "get_password_data": false,
            "hibernation": false,
            "host_id": "",
            "host_resource_group_arn": null,
            "iam_instance_profile": "",
            "id": "i-0e866c2ce6ff8f742",
            "instance_initiated_shutdown_behavior": "stop",
            "instance_lifecycle": "",
            "instance_market_options": [],
            "instance_state": "running",
            "instance_type": "t2.micro",
            "ipv6_address_count": 0,
            "ipv6_addresses": [],
            "key_name": "NayaWala",
            "launch_template": [],
            "maintenance_options": [
              {
                "auto_recovery": "default"
              }
            ],
            "metadata_options": [
              {
                "http_endpoint": "enabled",
                "http_protocol_ipv6": "disabled",
                "http_put_response_hop_limit": 2,
                "http_tokens": "required",
                "instance_metadata_tags": "disabled"
              }
            ],
            "monitoring": false,
            "network_interface": [],
            "outpost_arn": "",
            "password_data": "",
            "placement_group": "",
            "placement_partition_number": 0,
            "primary_network_interface_id": "eni-04d3abb2dd8a36319",
            "private_dns": "ip-10-0-5-220.ec2.internal",
            "private_dns_name_options": [
              {
                "enable_resource_name_dns_a_record": false,
                "enable_resource_name_dns_aaaa_record": false,
                "hostname_type": "ip-name"
              }
            ],
            "private_ip": "10.0.5.220",
            "public_dns": "",
            "public_ip": "54.91.243.61",
            "root_block_device": [
              {
                "delete_on_termination": true,
                "device_name": "/dev/sda1",
                "encrypted": false,
                "iops": 3000,
                "kms_key_id": "",
                "tags": {},
                "tags_all": {},
                "throughput": 125,
                "volume_id": "vol-04690e6e20be3e363",
                "volume_size": 8,
                "volume_type": "gp3"
              }
            ],
            "secondary_private_ips": [],
            "security_groups": [],
            "source_dest_check": true,
            "spot_instance_request_id": "",
            "subnet_id": "subnet-0452c60bd18942d97",
            "tags": {
              "Name": "Web_Server"
            },
            "tags_all": {
              "Name": "Web_Server"
            },
            "tenancy": "default",
            "timeouts": null,
            "user_data": null,
            "user_data_base64": null,
            "user_data_replace_on_change": false,
            "volume_tags": null,
            "vpc_security_group_ids": [
              "sg-00d76847b2891fa81"
            ]
          },
          "sensitive_attributes": [],
          "identity_schema_version": 0,
          "private": "eyJlMmJmYjczMC1lY2FhLTExZTYtOGY4OC0zNDM2M2JjN2M0YzAiOnsiY3JlYXRlIjo2MDAwMDAwMDAwMDAsImRlbGV0ZSI6MTIwMDAwMDAwMDAwMCwicmVhZCI6OTAwMDAwMDAwMDAwLCJ1cGRhdGUiOjYwMDAwMDAwMDAwMH0sInNjaGVtYV92ZXJzaW9uIjoiMSJ9",
          "dependencies": [
            "module.security.aws_security_group.C-VPC-Web-sg",
            "module.vpc.aws_subnet.websubnet",
            "module.vpc.aws_vpc.custom_vpc"
          ]
        }
      ]
    },
    {
      "module": "module.web",
      "mode": "managed",
      "type": "aws_lb_target_group_attachment",
      "name": "web_instance_attachment",
      "provider": "provider[\"registry.terraform.io/hashicorp/aws\"]",
      "instances": [
        {
          "schema_version": 0,
          "attributes": {
            "availability_zone": null,
            "id": "arn:aws:elasticloadbalancing:us-east-1:415851144899:targetgroup/internet-lb-tg/87bb3f188f0ff67f-20250706124203076000000008",
            "port": 80,
            "target_group_arn": "arn:aws:elasticloadbalancing:us-east-1:415851144899:targetgroup/internet-lb-tg/87bb3f188f0ff67f",
            "target_id": "i-0e866c2ce6ff8f742"
          },
          "sensitive_attributes": [],
          "identity_schema_version": 0,
          "private": "bnVsbA==",
          "dependencies": [
            "module.security.aws_security_group.C-VPC-Web-sg",
            "module.vpc.aws_lb_target_group.Internet_TarGrp",
            "module.vpc.aws_subnet.websubnet",
            "module.vpc.aws_vpc.custom_vpc",
            "module.web.aws_instance.web_server"
          ]
        }
      ]
    }
  ],
  "check_results": null
}
